// !$*UTF8*$!
{
	archiveVersion = 1;
	classes = {
	};
	objectVersion = 46;
	objects = {

/* Begin PBXBuildFile section */
		E101C7821370E72A006A1BEA /* QuartzCore.framework in Frameworks */ = {isa = PBXBuildFile; fileRef = E101C7811370E72A006A1BEA /* QuartzCore.framework */; };
		E101C7841370E72A006A1BEA /* OpenGLES.framework in Frameworks */ = {isa = PBXBuildFile; fileRef = E101C7831370E72A006A1BEA /* OpenGLES.framework */; };
		E101C7861370E72A006A1BEA /* OpenAL.framework in Frameworks */ = {isa = PBXBuildFile; fileRef = E101C7851370E72A006A1BEA /* OpenAL.framework */; };
		E101C7881370E72A006A1BEA /* AudioToolbox.framework in Frameworks */ = {isa = PBXBuildFile; fileRef = E101C7871370E72A006A1BEA /* AudioToolbox.framework */; };
		E101C78A1370E72A006A1BEA /* AVFoundation.framework in Frameworks */ = {isa = PBXBuildFile; fileRef = E101C7891370E72A006A1BEA /* AVFoundation.framework */; };
		E101C78C1370E72A006A1BEA /* UIKit.framework in Frameworks */ = {isa = PBXBuildFile; fileRef = E101C78B1370E72A006A1BEA /* UIKit.framework */; };
		E101C78E1370E72A006A1BEA /* Foundation.framework in Frameworks */ = {isa = PBXBuildFile; fileRef = E101C78D1370E72A006A1BEA /* Foundation.framework */; };
		E101C7901370E72A006A1BEA /* CoreGraphics.framework in Frameworks */ = {isa = PBXBuildFile; fileRef = E101C78F1370E72A006A1BEA /* CoreGraphics.framework */; };
		E101C7941370E72A006A1BEA /* Default.png in Resources */ = {isa = PBXBuildFile; fileRef = E101C7931370E72A006A1BEA /* Default.png */; };
		E101C7961370E72A006A1BEA /* fps_images.png in Resources */ = {isa = PBXBuildFile; fileRef = E101C7951370E72A006A1BEA /* fps_images.png */; };
		E101C7981370E72A006A1BEA /* Icon-72.png in Resources */ = {isa = PBXBuildFile; fileRef = E101C7971370E72A006A1BEA /* Icon-72.png */; };
		E101C79A1370E72A006A1BEA /* Icon-Small-50.png in Resources */ = {isa = PBXBuildFile; fileRef = E101C7991370E72A006A1BEA /* Icon-Small-50.png */; };
		E101C79C1370E72A006A1BEA /* Icon-Small.png in Resources */ = {isa = PBXBuildFile; fileRef = E101C79B1370E72A006A1BEA /* Icon-Small.png */; };
		E101C79E1370E72A006A1BEA /* Icon-Small@2x.png in Resources */ = {isa = PBXBuildFile; fileRef = E101C79D1370E72A006A1BEA /* Icon-Small@2x.png */; };
		E101C7A01370E72A006A1BEA /* Icon.png in Resources */ = {isa = PBXBuildFile; fileRef = E101C79F1370E72A006A1BEA /* Icon.png */; };
		E101C7A21370E72A006A1BEA /* Icon@2x.png in Resources */ = {isa = PBXBuildFile; fileRef = E101C7A11370E72A006A1BEA /* Icon@2x.png */; };
		E101C7A51370E72A006A1BEA /* iTunesArtwork in Resources */ = {isa = PBXBuildFile; fileRef = E101C7A41370E72A006A1BEA /* iTunesArtwork */; };
		E101C7A91370E72A006A1BEA /* CCAction.m in Sources */ = {isa = PBXBuildFile; fileRef = E101C7A81370E72A006A1BEA /* CCAction.m */; };
		E101C7AC1370E72A006A1BEA /* CCActionCamera.m in Sources */ = {isa = PBXBuildFile; fileRef = E101C7AB1370E72A006A1BEA /* CCActionCamera.m */; };
		E101C7AF1370E72A006A1BEA /* CCActionEase.m in Sources */ = {isa = PBXBuildFile; fileRef = E101C7AE1370E72A006A1BEA /* CCActionEase.m */; };
		E101C7B21370E72B006A1BEA /* CCActionGrid.m in Sources */ = {isa = PBXBuildFile; fileRef = E101C7B11370E72B006A1BEA /* CCActionGrid.m */; };
		E101C7B51370E72B006A1BEA /* CCActionGrid3D.m in Sources */ = {isa = PBXBuildFile; fileRef = E101C7B41370E72B006A1BEA /* CCActionGrid3D.m */; };
		E101C7B81370E72B006A1BEA /* CCActionInstant.m in Sources */ = {isa = PBXBuildFile; fileRef = E101C7B71370E72B006A1BEA /* CCActionInstant.m */; };
		E101C7BB1370E72B006A1BEA /* CCActionInterval.m in Sources */ = {isa = PBXBuildFile; fileRef = E101C7BA1370E72B006A1BEA /* CCActionInterval.m */; };
		E101C7BE1370E72B006A1BEA /* CCActionManager.m in Sources */ = {isa = PBXBuildFile; fileRef = E101C7BD1370E72B006A1BEA /* CCActionManager.m */; };
		E101C7C11370E72B006A1BEA /* CCActionPageTurn3D.m in Sources */ = {isa = PBXBuildFile; fileRef = E101C7C01370E72B006A1BEA /* CCActionPageTurn3D.m */; };
		E101C7C41370E72B006A1BEA /* CCActionProgressTimer.m in Sources */ = {isa = PBXBuildFile; fileRef = E101C7C31370E72B006A1BEA /* CCActionProgressTimer.m */; };
		E101C7C71370E72B006A1BEA /* CCActionTiledGrid.m in Sources */ = {isa = PBXBuildFile; fileRef = E101C7C61370E72B006A1BEA /* CCActionTiledGrid.m */; };
		E101C7CA1370E72B006A1BEA /* CCActionTween.m in Sources */ = {isa = PBXBuildFile; fileRef = E101C7C91370E72B006A1BEA /* CCActionTween.m */; };
		E101C7CD1370E72B006A1BEA /* CCAnimation.m in Sources */ = {isa = PBXBuildFile; fileRef = E101C7CC1370E72B006A1BEA /* CCAnimation.m */; };
		E101C7D01370E72B006A1BEA /* CCAnimationCache.m in Sources */ = {isa = PBXBuildFile; fileRef = E101C7CF1370E72B006A1BEA /* CCAnimationCache.m */; };
		E101C7D31370E72B006A1BEA /* CCAtlasNode.m in Sources */ = {isa = PBXBuildFile; fileRef = E101C7D21370E72B006A1BEA /* CCAtlasNode.m */; };
		E101C7D61370E72B006A1BEA /* CCBlockSupport.m in Sources */ = {isa = PBXBuildFile; fileRef = E101C7D51370E72B006A1BEA /* CCBlockSupport.m */; };
		E101C7D91370E72B006A1BEA /* CCCamera.m in Sources */ = {isa = PBXBuildFile; fileRef = E101C7D81370E72B006A1BEA /* CCCamera.m */; };
		E101C7DD1370E72B006A1BEA /* CCConfiguration.m in Sources */ = {isa = PBXBuildFile; fileRef = E101C7DC1370E72B006A1BEA /* CCConfiguration.m */; };
		E101C7E01370E72B006A1BEA /* CCDirector.m in Sources */ = {isa = PBXBuildFile; fileRef = E101C7DF1370E72B006A1BEA /* CCDirector.m */; };
		E101C7E31370E72B006A1BEA /* CCDrawingPrimitives.m in Sources */ = {isa = PBXBuildFile; fileRef = E101C7E21370E72B006A1BEA /* CCDrawingPrimitives.m */; };
		E101C7E61370E72B006A1BEA /* CCGrabber.m in Sources */ = {isa = PBXBuildFile; fileRef = E101C7E51370E72B006A1BEA /* CCGrabber.m */; };
		E101C7E91370E72B006A1BEA /* CCGrid.m in Sources */ = {isa = PBXBuildFile; fileRef = E101C7E81370E72B006A1BEA /* CCGrid.m */; };
		E101C7EC1370E72B006A1BEA /* CCLabelAtlas.m in Sources */ = {isa = PBXBuildFile; fileRef = E101C7EB1370E72B006A1BEA /* CCLabelAtlas.m */; };
		E101C7EF1370E72B006A1BEA /* CCLabelBMFont.m in Sources */ = {isa = PBXBuildFile; fileRef = E101C7EE1370E72B006A1BEA /* CCLabelBMFont.m */; };
		E101C7F21370E72B006A1BEA /* CCLabelTTF.m in Sources */ = {isa = PBXBuildFile; fileRef = E101C7F11370E72B006A1BEA /* CCLabelTTF.m */; };
		E101C7F51370E72B006A1BEA /* CCLayer.m in Sources */ = {isa = PBXBuildFile; fileRef = E101C7F41370E72B006A1BEA /* CCLayer.m */; };
		E101C7F91370E72B006A1BEA /* CCMenu.m in Sources */ = {isa = PBXBuildFile; fileRef = E101C7F81370E72B006A1BEA /* CCMenu.m */; };
		E101C7FC1370E72B006A1BEA /* CCMenuItem.m in Sources */ = {isa = PBXBuildFile; fileRef = E101C7FB1370E72B006A1BEA /* CCMenuItem.m */; };
		E101C7FF1370E72B006A1BEA /* CCMotionStreak.m in Sources */ = {isa = PBXBuildFile; fileRef = E101C7FE1370E72B006A1BEA /* CCMotionStreak.m */; };
		E101C8021370E72B006A1BEA /* CCNode.m in Sources */ = {isa = PBXBuildFile; fileRef = E101C8011370E72B006A1BEA /* CCNode.m */; };
		E101C8051370E72B006A1BEA /* CCParallaxNode.m in Sources */ = {isa = PBXBuildFile; fileRef = E101C8041370E72B006A1BEA /* CCParallaxNode.m */; };
		E101C8081370E72B006A1BEA /* CCParticleExamples.m in Sources */ = {isa = PBXBuildFile; fileRef = E101C8071370E72B006A1BEA /* CCParticleExamples.m */; };
		E101C80B1370E72B006A1BEA /* CCParticleSystem.m in Sources */ = {isa = PBXBuildFile; fileRef = E101C80A1370E72B006A1BEA /* CCParticleSystem.m */; };
		E101C80E1370E72B006A1BEA /* CCParticleSystemPoint.m in Sources */ = {isa = PBXBuildFile; fileRef = E101C80D1370E72B006A1BEA /* CCParticleSystemPoint.m */; };
		E101C8111370E72B006A1BEA /* CCParticleSystemQuad.m in Sources */ = {isa = PBXBuildFile; fileRef = E101C8101370E72B006A1BEA /* CCParticleSystemQuad.m */; };
		E101C8141370E72B006A1BEA /* CCProgressTimer.m in Sources */ = {isa = PBXBuildFile; fileRef = E101C8131370E72B006A1BEA /* CCProgressTimer.m */; };
		E101C8181370E72C006A1BEA /* CCRenderTexture.m in Sources */ = {isa = PBXBuildFile; fileRef = E101C8171370E72C006A1BEA /* CCRenderTexture.m */; };
		E101C81B1370E72C006A1BEA /* CCRibbon.m in Sources */ = {isa = PBXBuildFile; fileRef = E101C81A1370E72C006A1BEA /* CCRibbon.m */; };
		E101C81E1370E72C006A1BEA /* CCScene.m in Sources */ = {isa = PBXBuildFile; fileRef = E101C81D1370E72C006A1BEA /* CCScene.m */; };
		E101C8211370E72C006A1BEA /* CCScheduler.m in Sources */ = {isa = PBXBuildFile; fileRef = E101C8201370E72C006A1BEA /* CCScheduler.m */; };
		E101C8241370E72C006A1BEA /* CCSprite.m in Sources */ = {isa = PBXBuildFile; fileRef = E101C8231370E72C006A1BEA /* CCSprite.m */; };
		E101C8271370E72C006A1BEA /* CCSpriteBatchNode.m in Sources */ = {isa = PBXBuildFile; fileRef = E101C8261370E72C006A1BEA /* CCSpriteBatchNode.m */; };
		E101C82A1370E72C006A1BEA /* CCSpriteFrame.m in Sources */ = {isa = PBXBuildFile; fileRef = E101C8291370E72C006A1BEA /* CCSpriteFrame.m */; };
		E101C82D1370E72C006A1BEA /* CCSpriteFrameCache.m in Sources */ = {isa = PBXBuildFile; fileRef = E101C82C1370E72C006A1BEA /* CCSpriteFrameCache.m */; };
		E101C8301370E72C006A1BEA /* CCTexture2D.m in Sources */ = {isa = PBXBuildFile; fileRef = E101C82F1370E72C006A1BEA /* CCTexture2D.m */; };
		E101C8331370E72C006A1BEA /* CCTextureAtlas.m in Sources */ = {isa = PBXBuildFile; fileRef = E101C8321370E72C006A1BEA /* CCTextureAtlas.m */; };
		E101C8361370E72C006A1BEA /* CCTextureCache.m in Sources */ = {isa = PBXBuildFile; fileRef = E101C8351370E72C006A1BEA /* CCTextureCache.m */; };
		E101C8391370E72C006A1BEA /* CCTexturePVR.m in Sources */ = {isa = PBXBuildFile; fileRef = E101C8381370E72C006A1BEA /* CCTexturePVR.m */; };
		E101C83C1370E72C006A1BEA /* CCTileMapAtlas.m in Sources */ = {isa = PBXBuildFile; fileRef = E101C83B1370E72C006A1BEA /* CCTileMapAtlas.m */; };
		E101C83F1370E72C006A1BEA /* CCTMXLayer.m in Sources */ = {isa = PBXBuildFile; fileRef = E101C83E1370E72C006A1BEA /* CCTMXLayer.m */; };
		E101C8421370E72C006A1BEA /* CCTMXObjectGroup.m in Sources */ = {isa = PBXBuildFile; fileRef = E101C8411370E72C006A1BEA /* CCTMXObjectGroup.m */; };
		E101C8451370E72C006A1BEA /* CCTMXTiledMap.m in Sources */ = {isa = PBXBuildFile; fileRef = E101C8441370E72C006A1BEA /* CCTMXTiledMap.m */; };
		E101C8481370E72C006A1BEA /* CCTMXXMLParser.m in Sources */ = {isa = PBXBuildFile; fileRef = E101C8471370E72C006A1BEA /* CCTMXXMLParser.m */; };
		E101C84B1370E72C006A1BEA /* CCTransition.m in Sources */ = {isa = PBXBuildFile; fileRef = E101C84A1370E72C006A1BEA /* CCTransition.m */; };
		E101C84E1370E72C006A1BEA /* CCTransitionPageTurn.m in Sources */ = {isa = PBXBuildFile; fileRef = E101C84D1370E72C006A1BEA /* CCTransitionPageTurn.m */; };
		E101C8511370E72C006A1BEA /* CCTransitionRadial.m in Sources */ = {isa = PBXBuildFile; fileRef = E101C8501370E72C006A1BEA /* CCTransitionRadial.m */; };
		E101C8551370E72C006A1BEA /* cocos2d.m in Sources */ = {isa = PBXBuildFile; fileRef = E101C8541370E72C006A1BEA /* cocos2d.m */; };
		E101C85A1370E72C006A1BEA /* CCDirectorIOS.m in Sources */ = {isa = PBXBuildFile; fileRef = E101C8591370E72C006A1BEA /* CCDirectorIOS.m */; };
		E101C85E1370E72C006A1BEA /* CCTouchDispatcher.m in Sources */ = {isa = PBXBuildFile; fileRef = E101C85D1370E72C006A1BEA /* CCTouchDispatcher.m */; };
		E101C8611370E72C006A1BEA /* CCTouchHandler.m in Sources */ = {isa = PBXBuildFile; fileRef = E101C8601370E72C006A1BEA /* CCTouchHandler.m */; };
		E101C8641370E72C006A1BEA /* EAGLView.m in Sources */ = {isa = PBXBuildFile; fileRef = E101C8631370E72C006A1BEA /* EAGLView.m */; };
		E101C8671370E72C006A1BEA /* ES1Renderer.m in Sources */ = {isa = PBXBuildFile; fileRef = E101C8661370E72C006A1BEA /* ES1Renderer.m */; };
		E101C86A1370E72C006A1BEA /* glu.c in Sources */ = {isa = PBXBuildFile; fileRef = E101C8691370E72C006A1BEA /* glu.c */; };
		E101C86E1370E72C006A1BEA /* CCDirectorMac.m in Sources */ = {isa = PBXBuildFile; fileRef = E101C86D1370E72C006A1BEA /* CCDirectorMac.m */; };
		E101C8711370E72C006A1BEA /* CCEventDispatcher.m in Sources */ = {isa = PBXBuildFile; fileRef = E101C8701370E72C006A1BEA /* CCEventDispatcher.m */; };
		E101C8741370E72C006A1BEA /* MacGLView.m in Sources */ = {isa = PBXBuildFile; fileRef = E101C8731370E72C006A1BEA /* MacGLView.m */; };
		E101C8771370E72C006A1BEA /* MacWindow.m in Sources */ = {isa = PBXBuildFile; fileRef = E101C8761370E72C006A1BEA /* MacWindow.m */; };
		E101C8791370E72C006A1BEA /* base64.c in Sources */ = {isa = PBXBuildFile; fileRef = E101C8781370E72C006A1BEA /* base64.c */; };
		E101C87D1370E72C006A1BEA /* CCArray.m in Sources */ = {isa = PBXBuildFile; fileRef = E101C87C1370E72C006A1BEA /* CCArray.m */; };
		E101C8811370E72C006A1BEA /* CCFileUtils.m in Sources */ = {isa = PBXBuildFile; fileRef = E101C8801370E72C006A1BEA /* CCFileUtils.m */; };
		E101C8841370E72C006A1BEA /* CCProfiling.m in Sources */ = {isa = PBXBuildFile; fileRef = E101C8831370E72C006A1BEA /* CCProfiling.m */; };
		E101C8861370E72D006A1BEA /* ccUtils.c in Sources */ = {isa = PBXBuildFile; fileRef = E101C8851370E72D006A1BEA /* ccUtils.c */; };
		E101C88A1370E72D006A1BEA /* CGPointExtension.m in Sources */ = {isa = PBXBuildFile; fileRef = E101C8891370E72D006A1BEA /* CGPointExtension.m */; };
		E101C88E1370E72D006A1BEA /* TGAlib.m in Sources */ = {isa = PBXBuildFile; fileRef = E101C88D1370E72D006A1BEA /* TGAlib.m */; };
		E101C8911370E72D006A1BEA /* TransformUtils.m in Sources */ = {isa = PBXBuildFile; fileRef = E101C8901370E72D006A1BEA /* TransformUtils.m */; };
		E101C8961370E72D006A1BEA /* ZipUtils.m in Sources */ = {isa = PBXBuildFile; fileRef = E101C8951370E72D006A1BEA /* ZipUtils.m */; };
		E101C89A1370E72D006A1BEA /* CDAudioManager.m in Sources */ = {isa = PBXBuildFile; fileRef = E101C8991370E72D006A1BEA /* CDAudioManager.m */; };
		E101C89E1370E72D006A1BEA /* CDOpenALSupport.m in Sources */ = {isa = PBXBuildFile; fileRef = E101C89D1370E72D006A1BEA /* CDOpenALSupport.m */; };
		E101C8A11370E72D006A1BEA /* CocosDenshion.m in Sources */ = {isa = PBXBuildFile; fileRef = E101C8A01370E72D006A1BEA /* CocosDenshion.m */; };
		E101C8A41370E72D006A1BEA /* SimpleAudioEngine.m in Sources */ = {isa = PBXBuildFile; fileRef = E101C8A31370E72D006A1BEA /* SimpleAudioEngine.m */; };
		E101C8A81370E72D006A1BEA /* CLScoreServerPost.m in Sources */ = {isa = PBXBuildFile; fileRef = E101C8A71370E72D006A1BEA /* CLScoreServerPost.m */; };
		E101C8AB1370E72D006A1BEA /* CLScoreServerRequest.m in Sources */ = {isa = PBXBuildFile; fileRef = E101C8AA1370E72D006A1BEA /* CLScoreServerRequest.m */; };
		E101C8AE1370E72D006A1BEA /* cocoslive.m in Sources */ = {isa = PBXBuildFile; fileRef = E101C8AD1370E72D006A1BEA /* cocoslive.m */; };
		E101C8B21370E72D006A1BEA /* FontLabel.m in Sources */ = {isa = PBXBuildFile; fileRef = E101C8B11370E72D006A1BEA /* FontLabel.m */; };
		E101C8B51370E72D006A1BEA /* FontLabelStringDrawing.m in Sources */ = {isa = PBXBuildFile; fileRef = E101C8B41370E72D006A1BEA /* FontLabelStringDrawing.m */; };
		E101C8B81370E72D006A1BEA /* FontManager.m in Sources */ = {isa = PBXBuildFile; fileRef = E101C8B71370E72D006A1BEA /* FontManager.m */; };
		E101C8BB1370E72D006A1BEA /* ZAttributedString.m in Sources */ = {isa = PBXBuildFile; fileRef = E101C8BA1370E72D006A1BEA /* ZAttributedString.m */; };
		E101C8BF1370E72D006A1BEA /* ZFont.m in Sources */ = {isa = PBXBuildFile; fileRef = E101C8BE1370E72D006A1BEA /* ZFont.m */; };
		E101C8C31370E72D006A1BEA /* CDataScanner.m in Sources */ = {isa = PBXBuildFile; fileRef = E101C8C21370E72D006A1BEA /* CDataScanner.m */; };
		E101C8C61370E72D006A1BEA /* CDataScanner_Extensions.m in Sources */ = {isa = PBXBuildFile; fileRef = E101C8C51370E72D006A1BEA /* CDataScanner_Extensions.m */; };
		E101C8C91370E72D006A1BEA /* NSCharacterSet_Extensions.m in Sources */ = {isa = PBXBuildFile; fileRef = E101C8C81370E72D006A1BEA /* NSCharacterSet_Extensions.m */; };
		E101C8CC1370E72D006A1BEA /* NSDictionary_JSONExtensions.m in Sources */ = {isa = PBXBuildFile; fileRef = E101C8CB1370E72D006A1BEA /* NSDictionary_JSONExtensions.m */; };
		E101C8CF1370E72D006A1BEA /* NSScanner_Extensions.m in Sources */ = {isa = PBXBuildFile; fileRef = E101C8CE1370E72D006A1BEA /* NSScanner_Extensions.m */; };
		E101C8D21370E72D006A1BEA /* CJSONDeserializer.m in Sources */ = {isa = PBXBuildFile; fileRef = E101C8D11370E72D006A1BEA /* CJSONDeserializer.m */; };
		E101C8D51370E72D006A1BEA /* CJSONScanner.m in Sources */ = {isa = PBXBuildFile; fileRef = E101C8D41370E72D006A1BEA /* CJSONScanner.m */; };
		E101C8D81370E72D006A1BEA /* CJSONSerializer.m in Sources */ = {isa = PBXBuildFile; fileRef = E101C8D71370E72D006A1BEA /* CJSONSerializer.m */; };
		E101C8DC1370E72D006A1BEA /* main.m in Sources */ = {isa = PBXBuildFile; fileRef = E101C8DB1370E72D006A1BEA /* main.m */; };
		E101C8DF1370E72D006A1BEA /* AppDelegate.m in Sources */ = {isa = PBXBuildFile; fileRef = E101C8DE1370E72D006A1BEA /* AppDelegate.m */; };
		E101C8E21370E72D006A1BEA /* RootViewController.m in Sources */ = {isa = PBXBuildFile; fileRef = E101C8E11370E72D006A1BEA /* RootViewController.m */; };
		E101C8E51370E72D006A1BEA /* HelloWorldLayer.m in Sources */ = {isa = PBXBuildFile; fileRef = E101C8E41370E72D006A1BEA /* HelloWorldLayer.m */; };
/* End PBXBuildFile section */

/* Begin PBXFileReference section */
		E101C77D1370E72A006A1BEA /* cocos2d_particle_example.app */ = {isa = PBXFileReference; explicitFileType = wrapper.application; includeInIndex = 0; path = cocos2d_particle_example.app; sourceTree = BUILT_PRODUCTS_DIR; };
		E101C7811370E72A006A1BEA /* QuartzCore.framework */ = {isa = PBXFileReference; lastKnownFileType = wrapper.framework; name = QuartzCore.framework; path = System/Library/Frameworks/QuartzCore.framework; sourceTree = SDKROOT; };
		E101C7831370E72A006A1BEA /* OpenGLES.framework */ = {isa = PBXFileReference; lastKnownFileType = wrapper.framework; name = OpenGLES.framework; path = System/Library/Frameworks/OpenGLES.framework; sourceTree = SDKROOT; };
		E101C7851370E72A006A1BEA /* OpenAL.framework */ = {isa = PBXFileReference; lastKnownFileType = wrapper.framework; name = OpenAL.framework; path = System/Library/Frameworks/OpenAL.framework; sourceTree = SDKROOT; };
		E101C7871370E72A006A1BEA /* AudioToolbox.framework */ = {isa = PBXFileReference; lastKnownFileType = wrapper.framework; name = AudioToolbox.framework; path = System/Library/Frameworks/AudioToolbox.framework; sourceTree = SDKROOT; };
		E101C7891370E72A006A1BEA /* AVFoundation.framework */ = {isa = PBXFileReference; lastKnownFileType = wrapper.framework; name = AVFoundation.framework; path = System/Library/Frameworks/AVFoundation.framework; sourceTree = SDKROOT; };
		E101C78B1370E72A006A1BEA /* UIKit.framework */ = {isa = PBXFileReference; lastKnownFileType = wrapper.framework; name = UIKit.framework; path = System/Library/Frameworks/UIKit.framework; sourceTree = SDKROOT; };
		E101C78D1370E72A006A1BEA /* Foundation.framework */ = {isa = PBXFileReference; lastKnownFileType = wrapper.framework; name = Foundation.framework; path = System/Library/Frameworks/Foundation.framework; sourceTree = SDKROOT; };
		E101C78F1370E72A006A1BEA /* CoreGraphics.framework */ = {isa = PBXFileReference; lastKnownFileType = wrapper.framework; name = CoreGraphics.framework; path = System/Library/Frameworks/CoreGraphics.framework; sourceTree = SDKROOT; };
		E101C7931370E72A006A1BEA /* Default.png */ = {isa = PBXFileReference; lastKnownFileType = image.png; name = Default.png; path = Resources/Default.png; sourceTree = "<group>"; };
		E101C7951370E72A006A1BEA /* fps_images.png */ = {isa = PBXFileReference; lastKnownFileType = image.png; name = fps_images.png; path = Resources/fps_images.png; sourceTree = "<group>"; };
		E101C7971370E72A006A1BEA /* Icon-72.png */ = {isa = PBXFileReference; lastKnownFileType = image.png; name = "Icon-72.png"; path = "Resources/Icon-72.png"; sourceTree = "<group>"; };
		E101C7991370E72A006A1BEA /* Icon-Small-50.png */ = {isa = PBXFileReference; lastKnownFileType = image.png; name = "Icon-Small-50.png"; path = "Resources/Icon-Small-50.png"; sourceTree = "<group>"; };
		E101C79B1370E72A006A1BEA /* Icon-Small.png */ = {isa = PBXFileReference; lastKnownFileType = image.png; name = "Icon-Small.png"; path = "Resources/Icon-Small.png"; sourceTree = "<group>"; };
		E101C79D1370E72A006A1BEA /* Icon-Small@2x.png */ = {isa = PBXFileReference; lastKnownFileType = image.png; name = "Icon-Small@2x.png"; path = "Resources/Icon-Small@2x.png"; sourceTree = "<group>"; };
		E101C79F1370E72A006A1BEA /* Icon.png */ = {isa = PBXFileReference; lastKnownFileType = image.png; name = Icon.png; path = Resources/Icon.png; sourceTree = "<group>"; };
		E101C7A11370E72A006A1BEA /* Icon@2x.png */ = {isa = PBXFileReference; lastKnownFileType = image.png; name = "Icon@2x.png"; path = "Resources/Icon@2x.png"; sourceTree = "<group>"; };
		E101C7A31370E72A006A1BEA /* Info.plist */ = {isa = PBXFileReference; lastKnownFileType = text.plist.xml; name = Info.plist; path = Resources/Info.plist; sourceTree = "<group>"; };
		E101C7A41370E72A006A1BEA /* iTunesArtwork */ = {isa = PBXFileReference; lastKnownFileType = file; name = iTunesArtwork; path = Resources/iTunesArtwork; sourceTree = "<group>"; };
		E101C7A71370E72A006A1BEA /* CCAction.h */ = {isa = PBXFileReference; lastKnownFileType = sourcecode.c.h; name = CCAction.h; path = libs/cocos2d/CCAction.h; sourceTree = "<group>"; };
		E101C7A81370E72A006A1BEA /* CCAction.m */ = {isa = PBXFileReference; lastKnownFileType = sourcecode.c.objc; name = CCAction.m; path = libs/cocos2d/CCAction.m; sourceTree = "<group>"; };
		E101C7AA1370E72A006A1BEA /* CCActionCamera.h */ = {isa = PBXFileReference; lastKnownFileType = sourcecode.c.h; name = CCActionCamera.h; path = libs/cocos2d/CCActionCamera.h; sourceTree = "<group>"; };
		E101C7AB1370E72A006A1BEA /* CCActionCamera.m */ = {isa = PBXFileReference; lastKnownFileType = sourcecode.c.objc; name = CCActionCamera.m; path = libs/cocos2d/CCActionCamera.m; sourceTree = "<group>"; };
		E101C7AD1370E72A006A1BEA /* CCActionEase.h */ = {isa = PBXFileReference; lastKnownFileType = sourcecode.c.h; name = CCActionEase.h; path = libs/cocos2d/CCActionEase.h; sourceTree = "<group>"; };
		E101C7AE1370E72A006A1BEA /* CCActionEase.m */ = {isa = PBXFileReference; lastKnownFileType = sourcecode.c.objc; name = CCActionEase.m; path = libs/cocos2d/CCActionEase.m; sourceTree = "<group>"; };
		E101C7B01370E72A006A1BEA /* CCActionGrid.h */ = {isa = PBXFileReference; lastKnownFileType = sourcecode.c.h; name = CCActionGrid.h; path = libs/cocos2d/CCActionGrid.h; sourceTree = "<group>"; };
		E101C7B11370E72B006A1BEA /* CCActionGrid.m */ = {isa = PBXFileReference; lastKnownFileType = sourcecode.c.objc; name = CCActionGrid.m; path = libs/cocos2d/CCActionGrid.m; sourceTree = "<group>"; };
		E101C7B31370E72B006A1BEA /* CCActionGrid3D.h */ = {isa = PBXFileReference; lastKnownFileType = sourcecode.c.h; name = CCActionGrid3D.h; path = libs/cocos2d/CCActionGrid3D.h; sourceTree = "<group>"; };
		E101C7B41370E72B006A1BEA /* CCActionGrid3D.m */ = {isa = PBXFileReference; lastKnownFileType = sourcecode.c.objc; name = CCActionGrid3D.m; path = libs/cocos2d/CCActionGrid3D.m; sourceTree = "<group>"; };
		E101C7B61370E72B006A1BEA /* CCActionInstant.h */ = {isa = PBXFileReference; lastKnownFileType = sourcecode.c.h; name = CCActionInstant.h; path = libs/cocos2d/CCActionInstant.h; sourceTree = "<group>"; };
		E101C7B71370E72B006A1BEA /* CCActionInstant.m */ = {isa = PBXFileReference; lastKnownFileType = sourcecode.c.objc; name = CCActionInstant.m; path = libs/cocos2d/CCActionInstant.m; sourceTree = "<group>"; };
		E101C7B91370E72B006A1BEA /* CCActionInterval.h */ = {isa = PBXFileReference; lastKnownFileType = sourcecode.c.h; name = CCActionInterval.h; path = libs/cocos2d/CCActionInterval.h; sourceTree = "<group>"; };
		E101C7BA1370E72B006A1BEA /* CCActionInterval.m */ = {isa = PBXFileReference; lastKnownFileType = sourcecode.c.objc; name = CCActionInterval.m; path = libs/cocos2d/CCActionInterval.m; sourceTree = "<group>"; };
		E101C7BC1370E72B006A1BEA /* CCActionManager.h */ = {isa = PBXFileReference; lastKnownFileType = sourcecode.c.h; name = CCActionManager.h; path = libs/cocos2d/CCActionManager.h; sourceTree = "<group>"; };
		E101C7BD1370E72B006A1BEA /* CCActionManager.m */ = {isa = PBXFileReference; lastKnownFileType = sourcecode.c.objc; name = CCActionManager.m; path = libs/cocos2d/CCActionManager.m; sourceTree = "<group>"; };
		E101C7BF1370E72B006A1BEA /* CCActionPageTurn3D.h */ = {isa = PBXFileReference; lastKnownFileType = sourcecode.c.h; name = CCActionPageTurn3D.h; path = libs/cocos2d/CCActionPageTurn3D.h; sourceTree = "<group>"; };
		E101C7C01370E72B006A1BEA /* CCActionPageTurn3D.m */ = {isa = PBXFileReference; lastKnownFileType = sourcecode.c.objc; name = CCActionPageTurn3D.m; path = libs/cocos2d/CCActionPageTurn3D.m; sourceTree = "<group>"; };
		E101C7C21370E72B006A1BEA /* CCActionProgressTimer.h */ = {isa = PBXFileReference; lastKnownFileType = sourcecode.c.h; name = CCActionProgressTimer.h; path = libs/cocos2d/CCActionProgressTimer.h; sourceTree = "<group>"; };
		E101C7C31370E72B006A1BEA /* CCActionProgressTimer.m */ = {isa = PBXFileReference; lastKnownFileType = sourcecode.c.objc; name = CCActionProgressTimer.m; path = libs/cocos2d/CCActionProgressTimer.m; sourceTree = "<group>"; };
		E101C7C51370E72B006A1BEA /* CCActionTiledGrid.h */ = {isa = PBXFileReference; lastKnownFileType = sourcecode.c.h; name = CCActionTiledGrid.h; path = libs/cocos2d/CCActionTiledGrid.h; sourceTree = "<group>"; };
		E101C7C61370E72B006A1BEA /* CCActionTiledGrid.m */ = {isa = PBXFileReference; lastKnownFileType = sourcecode.c.objc; name = CCActionTiledGrid.m; path = libs/cocos2d/CCActionTiledGrid.m; sourceTree = "<group>"; };
		E101C7C81370E72B006A1BEA /* CCActionTween.h */ = {isa = PBXFileReference; lastKnownFileType = sourcecode.c.h; name = CCActionTween.h; path = libs/cocos2d/CCActionTween.h; sourceTree = "<group>"; };
		E101C7C91370E72B006A1BEA /* CCActionTween.m */ = {isa = PBXFileReference; lastKnownFileType = sourcecode.c.objc; name = CCActionTween.m; path = libs/cocos2d/CCActionTween.m; sourceTree = "<group>"; };
		E101C7CB1370E72B006A1BEA /* CCAnimation.h */ = {isa = PBXFileReference; lastKnownFileType = sourcecode.c.h; name = CCAnimation.h; path = libs/cocos2d/CCAnimation.h; sourceTree = "<group>"; };
		E101C7CC1370E72B006A1BEA /* CCAnimation.m */ = {isa = PBXFileReference; lastKnownFileType = sourcecode.c.objc; name = CCAnimation.m; path = libs/cocos2d/CCAnimation.m; sourceTree = "<group>"; };
		E101C7CE1370E72B006A1BEA /* CCAnimationCache.h */ = {isa = PBXFileReference; lastKnownFileType = sourcecode.c.h; name = CCAnimationCache.h; path = libs/cocos2d/CCAnimationCache.h; sourceTree = "<group>"; };
		E101C7CF1370E72B006A1BEA /* CCAnimationCache.m */ = {isa = PBXFileReference; lastKnownFileType = sourcecode.c.objc; name = CCAnimationCache.m; path = libs/cocos2d/CCAnimationCache.m; sourceTree = "<group>"; };
		E101C7D11370E72B006A1BEA /* CCAtlasNode.h */ = {isa = PBXFileReference; lastKnownFileType = sourcecode.c.h; name = CCAtlasNode.h; path = libs/cocos2d/CCAtlasNode.h; sourceTree = "<group>"; };
		E101C7D21370E72B006A1BEA /* CCAtlasNode.m */ = {isa = PBXFileReference; lastKnownFileType = sourcecode.c.objc; name = CCAtlasNode.m; path = libs/cocos2d/CCAtlasNode.m; sourceTree = "<group>"; };
		E101C7D41370E72B006A1BEA /* CCBlockSupport.h */ = {isa = PBXFileReference; lastKnownFileType = sourcecode.c.h; name = CCBlockSupport.h; path = libs/cocos2d/CCBlockSupport.h; sourceTree = "<group>"; };
		E101C7D51370E72B006A1BEA /* CCBlockSupport.m */ = {isa = PBXFileReference; lastKnownFileType = sourcecode.c.objc; name = CCBlockSupport.m; path = libs/cocos2d/CCBlockSupport.m; sourceTree = "<group>"; };
		E101C7D71370E72B006A1BEA /* CCCamera.h */ = {isa = PBXFileReference; lastKnownFileType = sourcecode.c.h; name = CCCamera.h; path = libs/cocos2d/CCCamera.h; sourceTree = "<group>"; };
		E101C7D81370E72B006A1BEA /* CCCamera.m */ = {isa = PBXFileReference; lastKnownFileType = sourcecode.c.objc; name = CCCamera.m; path = libs/cocos2d/CCCamera.m; sourceTree = "<group>"; };
		E101C7DA1370E72B006A1BEA /* ccConfig.h */ = {isa = PBXFileReference; lastKnownFileType = sourcecode.c.h; name = ccConfig.h; path = libs/cocos2d/ccConfig.h; sourceTree = "<group>"; };
		E101C7DB1370E72B006A1BEA /* CCConfiguration.h */ = {isa = PBXFileReference; lastKnownFileType = sourcecode.c.h; name = CCConfiguration.h; path = libs/cocos2d/CCConfiguration.h; sourceTree = "<group>"; };
		E101C7DC1370E72B006A1BEA /* CCConfiguration.m */ = {isa = PBXFileReference; lastKnownFileType = sourcecode.c.objc; name = CCConfiguration.m; path = libs/cocos2d/CCConfiguration.m; sourceTree = "<group>"; };
		E101C7DE1370E72B006A1BEA /* CCDirector.h */ = {isa = PBXFileReference; lastKnownFileType = sourcecode.c.h; name = CCDirector.h; path = libs/cocos2d/CCDirector.h; sourceTree = "<group>"; };
		E101C7DF1370E72B006A1BEA /* CCDirector.m */ = {isa = PBXFileReference; lastKnownFileType = sourcecode.c.objc; name = CCDirector.m; path = libs/cocos2d/CCDirector.m; sourceTree = "<group>"; };
		E101C7E11370E72B006A1BEA /* CCDrawingPrimitives.h */ = {isa = PBXFileReference; lastKnownFileType = sourcecode.c.h; name = CCDrawingPrimitives.h; path = libs/cocos2d/CCDrawingPrimitives.h; sourceTree = "<group>"; };
		E101C7E21370E72B006A1BEA /* CCDrawingPrimitives.m */ = {isa = PBXFileReference; lastKnownFileType = sourcecode.c.objc; name = CCDrawingPrimitives.m; path = libs/cocos2d/CCDrawingPrimitives.m; sourceTree = "<group>"; };
		E101C7E41370E72B006A1BEA /* CCGrabber.h */ = {isa = PBXFileReference; lastKnownFileType = sourcecode.c.h; name = CCGrabber.h; path = libs/cocos2d/CCGrabber.h; sourceTree = "<group>"; };
		E101C7E51370E72B006A1BEA /* CCGrabber.m */ = {isa = PBXFileReference; lastKnownFileType = sourcecode.c.objc; name = CCGrabber.m; path = libs/cocos2d/CCGrabber.m; sourceTree = "<group>"; };
		E101C7E71370E72B006A1BEA /* CCGrid.h */ = {isa = PBXFileReference; lastKnownFileType = sourcecode.c.h; name = CCGrid.h; path = libs/cocos2d/CCGrid.h; sourceTree = "<group>"; };
		E101C7E81370E72B006A1BEA /* CCGrid.m */ = {isa = PBXFileReference; lastKnownFileType = sourcecode.c.objc; name = CCGrid.m; path = libs/cocos2d/CCGrid.m; sourceTree = "<group>"; };
		E101C7EA1370E72B006A1BEA /* CCLabelAtlas.h */ = {isa = PBXFileReference; lastKnownFileType = sourcecode.c.h; name = CCLabelAtlas.h; path = libs/cocos2d/CCLabelAtlas.h; sourceTree = "<group>"; };
		E101C7EB1370E72B006A1BEA /* CCLabelAtlas.m */ = {isa = PBXFileReference; lastKnownFileType = sourcecode.c.objc; name = CCLabelAtlas.m; path = libs/cocos2d/CCLabelAtlas.m; sourceTree = "<group>"; };
		E101C7ED1370E72B006A1BEA /* CCLabelBMFont.h */ = {isa = PBXFileReference; lastKnownFileType = sourcecode.c.h; name = CCLabelBMFont.h; path = libs/cocos2d/CCLabelBMFont.h; sourceTree = "<group>"; };
		E101C7EE1370E72B006A1BEA /* CCLabelBMFont.m */ = {isa = PBXFileReference; lastKnownFileType = sourcecode.c.objc; name = CCLabelBMFont.m; path = libs/cocos2d/CCLabelBMFont.m; sourceTree = "<group>"; };
		E101C7F01370E72B006A1BEA /* CCLabelTTF.h */ = {isa = PBXFileReference; lastKnownFileType = sourcecode.c.h; name = CCLabelTTF.h; path = libs/cocos2d/CCLabelTTF.h; sourceTree = "<group>"; };
		E101C7F11370E72B006A1BEA /* CCLabelTTF.m */ = {isa = PBXFileReference; lastKnownFileType = sourcecode.c.objc; name = CCLabelTTF.m; path = libs/cocos2d/CCLabelTTF.m; sourceTree = "<group>"; };
		E101C7F31370E72B006A1BEA /* CCLayer.h */ = {isa = PBXFileReference; lastKnownFileType = sourcecode.c.h; name = CCLayer.h; path = libs/cocos2d/CCLayer.h; sourceTree = "<group>"; };
		E101C7F41370E72B006A1BEA /* CCLayer.m */ = {isa = PBXFileReference; lastKnownFileType = sourcecode.c.objc; name = CCLayer.m; path = libs/cocos2d/CCLayer.m; sourceTree = "<group>"; };
		E101C7F61370E72B006A1BEA /* ccMacros.h */ = {isa = PBXFileReference; lastKnownFileType = sourcecode.c.h; name = ccMacros.h; path = libs/cocos2d/ccMacros.h; sourceTree = "<group>"; };
		E101C7F71370E72B006A1BEA /* CCMenu.h */ = {isa = PBXFileReference; lastKnownFileType = sourcecode.c.h; name = CCMenu.h; path = libs/cocos2d/CCMenu.h; sourceTree = "<group>"; };
		E101C7F81370E72B006A1BEA /* CCMenu.m */ = {isa = PBXFileReference; lastKnownFileType = sourcecode.c.objc; name = CCMenu.m; path = libs/cocos2d/CCMenu.m; sourceTree = "<group>"; };
		E101C7FA1370E72B006A1BEA /* CCMenuItem.h */ = {isa = PBXFileReference; lastKnownFileType = sourcecode.c.h; name = CCMenuItem.h; path = libs/cocos2d/CCMenuItem.h; sourceTree = "<group>"; };
		E101C7FB1370E72B006A1BEA /* CCMenuItem.m */ = {isa = PBXFileReference; lastKnownFileType = sourcecode.c.objc; name = CCMenuItem.m; path = libs/cocos2d/CCMenuItem.m; sourceTree = "<group>"; };
		E101C7FD1370E72B006A1BEA /* CCMotionStreak.h */ = {isa = PBXFileReference; lastKnownFileType = sourcecode.c.h; name = CCMotionStreak.h; path = libs/cocos2d/CCMotionStreak.h; sourceTree = "<group>"; };
		E101C7FE1370E72B006A1BEA /* CCMotionStreak.m */ = {isa = PBXFileReference; lastKnownFileType = sourcecode.c.objc; name = CCMotionStreak.m; path = libs/cocos2d/CCMotionStreak.m; sourceTree = "<group>"; };
		E101C8001370E72B006A1BEA /* CCNode.h */ = {isa = PBXFileReference; lastKnownFileType = sourcecode.c.h; name = CCNode.h; path = libs/cocos2d/CCNode.h; sourceTree = "<group>"; };
		E101C8011370E72B006A1BEA /* CCNode.m */ = {isa = PBXFileReference; lastKnownFileType = sourcecode.c.objc; name = CCNode.m; path = libs/cocos2d/CCNode.m; sourceTree = "<group>"; };
		E101C8031370E72B006A1BEA /* CCParallaxNode.h */ = {isa = PBXFileReference; lastKnownFileType = sourcecode.c.h; name = CCParallaxNode.h; path = libs/cocos2d/CCParallaxNode.h; sourceTree = "<group>"; };
		E101C8041370E72B006A1BEA /* CCParallaxNode.m */ = {isa = PBXFileReference; lastKnownFileType = sourcecode.c.objc; name = CCParallaxNode.m; path = libs/cocos2d/CCParallaxNode.m; sourceTree = "<group>"; };
		E101C8061370E72B006A1BEA /* CCParticleExamples.h */ = {isa = PBXFileReference; lastKnownFileType = sourcecode.c.h; name = CCParticleExamples.h; path = libs/cocos2d/CCParticleExamples.h; sourceTree = "<group>"; };
		E101C8071370E72B006A1BEA /* CCParticleExamples.m */ = {isa = PBXFileReference; lastKnownFileType = sourcecode.c.objc; name = CCParticleExamples.m; path = libs/cocos2d/CCParticleExamples.m; sourceTree = "<group>"; };
		E101C8091370E72B006A1BEA /* CCParticleSystem.h */ = {isa = PBXFileReference; lastKnownFileType = sourcecode.c.h; name = CCParticleSystem.h; path = libs/cocos2d/CCParticleSystem.h; sourceTree = "<group>"; };
		E101C80A1370E72B006A1BEA /* CCParticleSystem.m */ = {isa = PBXFileReference; lastKnownFileType = sourcecode.c.objc; name = CCParticleSystem.m; path = libs/cocos2d/CCParticleSystem.m; sourceTree = "<group>"; };
		E101C80C1370E72B006A1BEA /* CCParticleSystemPoint.h */ = {isa = PBXFileReference; lastKnownFileType = sourcecode.c.h; name = CCParticleSystemPoint.h; path = libs/cocos2d/CCParticleSystemPoint.h; sourceTree = "<group>"; };
		E101C80D1370E72B006A1BEA /* CCParticleSystemPoint.m */ = {isa = PBXFileReference; lastKnownFileType = sourcecode.c.objc; name = CCParticleSystemPoint.m; path = libs/cocos2d/CCParticleSystemPoint.m; sourceTree = "<group>"; };
		E101C80F1370E72B006A1BEA /* CCParticleSystemQuad.h */ = {isa = PBXFileReference; lastKnownFileType = sourcecode.c.h; name = CCParticleSystemQuad.h; path = libs/cocos2d/CCParticleSystemQuad.h; sourceTree = "<group>"; };
		E101C8101370E72B006A1BEA /* CCParticleSystemQuad.m */ = {isa = PBXFileReference; lastKnownFileType = sourcecode.c.objc; name = CCParticleSystemQuad.m; path = libs/cocos2d/CCParticleSystemQuad.m; sourceTree = "<group>"; };
		E101C8121370E72B006A1BEA /* CCProgressTimer.h */ = {isa = PBXFileReference; lastKnownFileType = sourcecode.c.h; name = CCProgressTimer.h; path = libs/cocos2d/CCProgressTimer.h; sourceTree = "<group>"; };
		E101C8131370E72B006A1BEA /* CCProgressTimer.m */ = {isa = PBXFileReference; lastKnownFileType = sourcecode.c.objc; name = CCProgressTimer.m; path = libs/cocos2d/CCProgressTimer.m; sourceTree = "<group>"; };
		E101C8151370E72B006A1BEA /* CCProtocols.h */ = {isa = PBXFileReference; lastKnownFileType = sourcecode.c.h; name = CCProtocols.h; path = libs/cocos2d/CCProtocols.h; sourceTree = "<group>"; };
		E101C8161370E72B006A1BEA /* CCRenderTexture.h */ = {isa = PBXFileReference; lastKnownFileType = sourcecode.c.h; name = CCRenderTexture.h; path = libs/cocos2d/CCRenderTexture.h; sourceTree = "<group>"; };
		E101C8171370E72C006A1BEA /* CCRenderTexture.m */ = {isa = PBXFileReference; lastKnownFileType = sourcecode.c.objc; name = CCRenderTexture.m; path = libs/cocos2d/CCRenderTexture.m; sourceTree = "<group>"; };
		E101C8191370E72C006A1BEA /* CCRibbon.h */ = {isa = PBXFileReference; lastKnownFileType = sourcecode.c.h; name = CCRibbon.h; path = libs/cocos2d/CCRibbon.h; sourceTree = "<group>"; };
		E101C81A1370E72C006A1BEA /* CCRibbon.m */ = {isa = PBXFileReference; lastKnownFileType = sourcecode.c.objc; name = CCRibbon.m; path = libs/cocos2d/CCRibbon.m; sourceTree = "<group>"; };
		E101C81C1370E72C006A1BEA /* CCScene.h */ = {isa = PBXFileReference; lastKnownFileType = sourcecode.c.h; name = CCScene.h; path = libs/cocos2d/CCScene.h; sourceTree = "<group>"; };
		E101C81D1370E72C006A1BEA /* CCScene.m */ = {isa = PBXFileReference; lastKnownFileType = sourcecode.c.objc; name = CCScene.m; path = libs/cocos2d/CCScene.m; sourceTree = "<group>"; };
		E101C81F1370E72C006A1BEA /* CCScheduler.h */ = {isa = PBXFileReference; lastKnownFileType = sourcecode.c.h; name = CCScheduler.h; path = libs/cocos2d/CCScheduler.h; sourceTree = "<group>"; };
		E101C8201370E72C006A1BEA /* CCScheduler.m */ = {isa = PBXFileReference; lastKnownFileType = sourcecode.c.objc; name = CCScheduler.m; path = libs/cocos2d/CCScheduler.m; sourceTree = "<group>"; };
		E101C8221370E72C006A1BEA /* CCSprite.h */ = {isa = PBXFileReference; lastKnownFileType = sourcecode.c.h; name = CCSprite.h; path = libs/cocos2d/CCSprite.h; sourceTree = "<group>"; };
		E101C8231370E72C006A1BEA /* CCSprite.m */ = {isa = PBXFileReference; lastKnownFileType = sourcecode.c.objc; name = CCSprite.m; path = libs/cocos2d/CCSprite.m; sourceTree = "<group>"; };
		E101C8251370E72C006A1BEA /* CCSpriteBatchNode.h */ = {isa = PBXFileReference; lastKnownFileType = sourcecode.c.h; name = CCSpriteBatchNode.h; path = libs/cocos2d/CCSpriteBatchNode.h; sourceTree = "<group>"; };
		E101C8261370E72C006A1BEA /* CCSpriteBatchNode.m */ = {isa = PBXFileReference; lastKnownFileType = sourcecode.c.objc; name = CCSpriteBatchNode.m; path = libs/cocos2d/CCSpriteBatchNode.m; sourceTree = "<group>"; };
		E101C8281370E72C006A1BEA /* CCSpriteFrame.h */ = {isa = PBXFileReference; lastKnownFileType = sourcecode.c.h; name = CCSpriteFrame.h; path = libs/cocos2d/CCSpriteFrame.h; sourceTree = "<group>"; };
		E101C8291370E72C006A1BEA /* CCSpriteFrame.m */ = {isa = PBXFileReference; lastKnownFileType = sourcecode.c.objc; name = CCSpriteFrame.m; path = libs/cocos2d/CCSpriteFrame.m; sourceTree = "<group>"; };
		E101C82B1370E72C006A1BEA /* CCSpriteFrameCache.h */ = {isa = PBXFileReference; lastKnownFileType = sourcecode.c.h; name = CCSpriteFrameCache.h; path = libs/cocos2d/CCSpriteFrameCache.h; sourceTree = "<group>"; };
		E101C82C1370E72C006A1BEA /* CCSpriteFrameCache.m */ = {isa = PBXFileReference; lastKnownFileType = sourcecode.c.objc; name = CCSpriteFrameCache.m; path = libs/cocos2d/CCSpriteFrameCache.m; sourceTree = "<group>"; };
		E101C82E1370E72C006A1BEA /* CCTexture2D.h */ = {isa = PBXFileReference; lastKnownFileType = sourcecode.c.h; name = CCTexture2D.h; path = libs/cocos2d/CCTexture2D.h; sourceTree = "<group>"; };
		E101C82F1370E72C006A1BEA /* CCTexture2D.m */ = {isa = PBXFileReference; lastKnownFileType = sourcecode.c.objc; name = CCTexture2D.m; path = libs/cocos2d/CCTexture2D.m; sourceTree = "<group>"; };
		E101C8311370E72C006A1BEA /* CCTextureAtlas.h */ = {isa = PBXFileReference; lastKnownFileType = sourcecode.c.h; name = CCTextureAtlas.h; path = libs/cocos2d/CCTextureAtlas.h; sourceTree = "<group>"; };
		E101C8321370E72C006A1BEA /* CCTextureAtlas.m */ = {isa = PBXFileReference; lastKnownFileType = sourcecode.c.objc; name = CCTextureAtlas.m; path = libs/cocos2d/CCTextureAtlas.m; sourceTree = "<group>"; };
		E101C8341370E72C006A1BEA /* CCTextureCache.h */ = {isa = PBXFileReference; lastKnownFileType = sourcecode.c.h; name = CCTextureCache.h; path = libs/cocos2d/CCTextureCache.h; sourceTree = "<group>"; };
		E101C8351370E72C006A1BEA /* CCTextureCache.m */ = {isa = PBXFileReference; lastKnownFileType = sourcecode.c.objc; name = CCTextureCache.m; path = libs/cocos2d/CCTextureCache.m; sourceTree = "<group>"; };
		E101C8371370E72C006A1BEA /* CCTexturePVR.h */ = {isa = PBXFileReference; lastKnownFileType = sourcecode.c.h; name = CCTexturePVR.h; path = libs/cocos2d/CCTexturePVR.h; sourceTree = "<group>"; };
		E101C8381370E72C006A1BEA /* CCTexturePVR.m */ = {isa = PBXFileReference; lastKnownFileType = sourcecode.c.objc; name = CCTexturePVR.m; path = libs/cocos2d/CCTexturePVR.m; sourceTree = "<group>"; };
		E101C83A1370E72C006A1BEA /* CCTileMapAtlas.h */ = {isa = PBXFileReference; lastKnownFileType = sourcecode.c.h; name = CCTileMapAtlas.h; path = libs/cocos2d/CCTileMapAtlas.h; sourceTree = "<group>"; };
		E101C83B1370E72C006A1BEA /* CCTileMapAtlas.m */ = {isa = PBXFileReference; lastKnownFileType = sourcecode.c.objc; name = CCTileMapAtlas.m; path = libs/cocos2d/CCTileMapAtlas.m; sourceTree = "<group>"; };
		E101C83D1370E72C006A1BEA /* CCTMXLayer.h */ = {isa = PBXFileReference; lastKnownFileType = sourcecode.c.h; name = CCTMXLayer.h; path = libs/cocos2d/CCTMXLayer.h; sourceTree = "<group>"; };
		E101C83E1370E72C006A1BEA /* CCTMXLayer.m */ = {isa = PBXFileReference; lastKnownFileType = sourcecode.c.objc; name = CCTMXLayer.m; path = libs/cocos2d/CCTMXLayer.m; sourceTree = "<group>"; };
		E101C8401370E72C006A1BEA /* CCTMXObjectGroup.h */ = {isa = PBXFileReference; lastKnownFileType = sourcecode.c.h; name = CCTMXObjectGroup.h; path = libs/cocos2d/CCTMXObjectGroup.h; sourceTree = "<group>"; };
		E101C8411370E72C006A1BEA /* CCTMXObjectGroup.m */ = {isa = PBXFileReference; lastKnownFileType = sourcecode.c.objc; name = CCTMXObjectGroup.m; path = libs/cocos2d/CCTMXObjectGroup.m; sourceTree = "<group>"; };
		E101C8431370E72C006A1BEA /* CCTMXTiledMap.h */ = {isa = PBXFileReference; lastKnownFileType = sourcecode.c.h; name = CCTMXTiledMap.h; path = libs/cocos2d/CCTMXTiledMap.h; sourceTree = "<group>"; };
		E101C8441370E72C006A1BEA /* CCTMXTiledMap.m */ = {isa = PBXFileReference; lastKnownFileType = sourcecode.c.objc; name = CCTMXTiledMap.m; path = libs/cocos2d/CCTMXTiledMap.m; sourceTree = "<group>"; };
		E101C8461370E72C006A1BEA /* CCTMXXMLParser.h */ = {isa = PBXFileReference; lastKnownFileType = sourcecode.c.h; name = CCTMXXMLParser.h; path = libs/cocos2d/CCTMXXMLParser.h; sourceTree = "<group>"; };
		E101C8471370E72C006A1BEA /* CCTMXXMLParser.m */ = {isa = PBXFileReference; lastKnownFileType = sourcecode.c.objc; name = CCTMXXMLParser.m; path = libs/cocos2d/CCTMXXMLParser.m; sourceTree = "<group>"; };
		E101C8491370E72C006A1BEA /* CCTransition.h */ = {isa = PBXFileReference; lastKnownFileType = sourcecode.c.h; name = CCTransition.h; path = libs/cocos2d/CCTransition.h; sourceTree = "<group>"; };
		E101C84A1370E72C006A1BEA /* CCTransition.m */ = {isa = PBXFileReference; lastKnownFileType = sourcecode.c.objc; name = CCTransition.m; path = libs/cocos2d/CCTransition.m; sourceTree = "<group>"; };
		E101C84C1370E72C006A1BEA /* CCTransitionPageTurn.h */ = {isa = PBXFileReference; lastKnownFileType = sourcecode.c.h; name = CCTransitionPageTurn.h; path = libs/cocos2d/CCTransitionPageTurn.h; sourceTree = "<group>"; };
		E101C84D1370E72C006A1BEA /* CCTransitionPageTurn.m */ = {isa = PBXFileReference; lastKnownFileType = sourcecode.c.objc; name = CCTransitionPageTurn.m; path = libs/cocos2d/CCTransitionPageTurn.m; sourceTree = "<group>"; };
		E101C84F1370E72C006A1BEA /* CCTransitionRadial.h */ = {isa = PBXFileReference; lastKnownFileType = sourcecode.c.h; name = CCTransitionRadial.h; path = libs/cocos2d/CCTransitionRadial.h; sourceTree = "<group>"; };
		E101C8501370E72C006A1BEA /* CCTransitionRadial.m */ = {isa = PBXFileReference; lastKnownFileType = sourcecode.c.objc; name = CCTransitionRadial.m; path = libs/cocos2d/CCTransitionRadial.m; sourceTree = "<group>"; };
		E101C8521370E72C006A1BEA /* ccTypes.h */ = {isa = PBXFileReference; lastKnownFileType = sourcecode.c.h; name = ccTypes.h; path = libs/cocos2d/ccTypes.h; sourceTree = "<group>"; };
		E101C8531370E72C006A1BEA /* cocos2d.h */ = {isa = PBXFileReference; lastKnownFileType = sourcecode.c.h; name = cocos2d.h; path = libs/cocos2d/cocos2d.h; sourceTree = "<group>"; };
		E101C8541370E72C006A1BEA /* cocos2d.m */ = {isa = PBXFileReference; lastKnownFileType = sourcecode.c.objc; name = cocos2d.m; path = libs/cocos2d/cocos2d.m; sourceTree = "<group>"; };
		E101C8561370E72C006A1BEA /* CCGL.h */ = {isa = PBXFileReference; lastKnownFileType = sourcecode.c.h; name = CCGL.h; path = libs/cocos2d/Platforms/CCGL.h; sourceTree = "<group>"; };
		E101C8571370E72C006A1BEA /* CCNS.h */ = {isa = PBXFileReference; lastKnownFileType = sourcecode.c.h; name = CCNS.h; path = libs/cocos2d/Platforms/CCNS.h; sourceTree = "<group>"; };
		E101C8581370E72C006A1BEA /* CCDirectorIOS.h */ = {isa = PBXFileReference; lastKnownFileType = sourcecode.c.h; name = CCDirectorIOS.h; path = libs/cocos2d/Platforms/iOS/CCDirectorIOS.h; sourceTree = "<group>"; };
		E101C8591370E72C006A1BEA /* CCDirectorIOS.m */ = {isa = PBXFileReference; lastKnownFileType = sourcecode.c.objc; name = CCDirectorIOS.m; path = libs/cocos2d/Platforms/iOS/CCDirectorIOS.m; sourceTree = "<group>"; };
		E101C85B1370E72C006A1BEA /* CCTouchDelegateProtocol.h */ = {isa = PBXFileReference; lastKnownFileType = sourcecode.c.h; name = CCTouchDelegateProtocol.h; path = libs/cocos2d/Platforms/iOS/CCTouchDelegateProtocol.h; sourceTree = "<group>"; };
		E101C85C1370E72C006A1BEA /* CCTouchDispatcher.h */ = {isa = PBXFileReference; lastKnownFileType = sourcecode.c.h; name = CCTouchDispatcher.h; path = libs/cocos2d/Platforms/iOS/CCTouchDispatcher.h; sourceTree = "<group>"; };
		E101C85D1370E72C006A1BEA /* CCTouchDispatcher.m */ = {isa = PBXFileReference; lastKnownFileType = sourcecode.c.objc; name = CCTouchDispatcher.m; path = libs/cocos2d/Platforms/iOS/CCTouchDispatcher.m; sourceTree = "<group>"; };
		E101C85F1370E72C006A1BEA /* CCTouchHandler.h */ = {isa = PBXFileReference; lastKnownFileType = sourcecode.c.h; name = CCTouchHandler.h; path = libs/cocos2d/Platforms/iOS/CCTouchHandler.h; sourceTree = "<group>"; };
		E101C8601370E72C006A1BEA /* CCTouchHandler.m */ = {isa = PBXFileReference; lastKnownFileType = sourcecode.c.objc; name = CCTouchHandler.m; path = libs/cocos2d/Platforms/iOS/CCTouchHandler.m; sourceTree = "<group>"; };
		E101C8621370E72C006A1BEA /* EAGLView.h */ = {isa = PBXFileReference; lastKnownFileType = sourcecode.c.h; name = EAGLView.h; path = libs/cocos2d/Platforms/iOS/EAGLView.h; sourceTree = "<group>"; };
		E101C8631370E72C006A1BEA /* EAGLView.m */ = {isa = PBXFileReference; lastKnownFileType = sourcecode.c.objc; name = EAGLView.m; path = libs/cocos2d/Platforms/iOS/EAGLView.m; sourceTree = "<group>"; };
		E101C8651370E72C006A1BEA /* ES1Renderer.h */ = {isa = PBXFileReference; lastKnownFileType = sourcecode.c.h; name = ES1Renderer.h; path = libs/cocos2d/Platforms/iOS/ES1Renderer.h; sourceTree = "<group>"; };
		E101C8661370E72C006A1BEA /* ES1Renderer.m */ = {isa = PBXFileReference; lastKnownFileType = sourcecode.c.objc; name = ES1Renderer.m; path = libs/cocos2d/Platforms/iOS/ES1Renderer.m; sourceTree = "<group>"; };
		E101C8681370E72C006A1BEA /* ESRenderer.h */ = {isa = PBXFileReference; lastKnownFileType = sourcecode.c.h; name = ESRenderer.h; path = libs/cocos2d/Platforms/iOS/ESRenderer.h; sourceTree = "<group>"; };
		E101C8691370E72C006A1BEA /* glu.c */ = {isa = PBXFileReference; lastKnownFileType = sourcecode.c.c; name = glu.c; path = libs/cocos2d/Platforms/iOS/glu.c; sourceTree = "<group>"; };
		E101C86B1370E72C006A1BEA /* glu.h */ = {isa = PBXFileReference; lastKnownFileType = sourcecode.c.h; name = glu.h; path = libs/cocos2d/Platforms/iOS/glu.h; sourceTree = "<group>"; };
		E101C86C1370E72C006A1BEA /* CCDirectorMac.h */ = {isa = PBXFileReference; lastKnownFileType = sourcecode.c.h; name = CCDirectorMac.h; path = libs/cocos2d/Platforms/Mac/CCDirectorMac.h; sourceTree = "<group>"; };
		E101C86D1370E72C006A1BEA /* CCDirectorMac.m */ = {isa = PBXFileReference; lastKnownFileType = sourcecode.c.objc; name = CCDirectorMac.m; path = libs/cocos2d/Platforms/Mac/CCDirectorMac.m; sourceTree = "<group>"; };
		E101C86F1370E72C006A1BEA /* CCEventDispatcher.h */ = {isa = PBXFileReference; lastKnownFileType = sourcecode.c.h; name = CCEventDispatcher.h; path = libs/cocos2d/Platforms/Mac/CCEventDispatcher.h; sourceTree = "<group>"; };
		E101C8701370E72C006A1BEA /* CCEventDispatcher.m */ = {isa = PBXFileReference; lastKnownFileType = sourcecode.c.objc; name = CCEventDispatcher.m; path = libs/cocos2d/Platforms/Mac/CCEventDispatcher.m; sourceTree = "<group>"; };
		E101C8721370E72C006A1BEA /* MacGLView.h */ = {isa = PBXFileReference; lastKnownFileType = sourcecode.c.h; name = MacGLView.h; path = libs/cocos2d/Platforms/Mac/MacGLView.h; sourceTree = "<group>"; };
		E101C8731370E72C006A1BEA /* MacGLView.m */ = {isa = PBXFileReference; lastKnownFileType = sourcecode.c.objc; name = MacGLView.m; path = libs/cocos2d/Platforms/Mac/MacGLView.m; sourceTree = "<group>"; };
		E101C8751370E72C006A1BEA /* MacWindow.h */ = {isa = PBXFileReference; lastKnownFileType = sourcecode.c.h; name = MacWindow.h; path = libs/cocos2d/Platforms/Mac/MacWindow.h; sourceTree = "<group>"; };
		E101C8761370E72C006A1BEA /* MacWindow.m */ = {isa = PBXFileReference; lastKnownFileType = sourcecode.c.objc; name = MacWindow.m; path = libs/cocos2d/Platforms/Mac/MacWindow.m; sourceTree = "<group>"; };
		E101C8781370E72C006A1BEA /* base64.c */ = {isa = PBXFileReference; lastKnownFileType = sourcecode.c.c; name = base64.c; path = libs/cocos2d/Support/base64.c; sourceTree = "<group>"; };
		E101C87A1370E72C006A1BEA /* base64.h */ = {isa = PBXFileReference; lastKnownFileType = sourcecode.c.h; name = base64.h; path = libs/cocos2d/Support/base64.h; sourceTree = "<group>"; };
		E101C87B1370E72C006A1BEA /* CCArray.h */ = {isa = PBXFileReference; lastKnownFileType = sourcecode.c.h; name = CCArray.h; path = libs/cocos2d/Support/CCArray.h; sourceTree = "<group>"; };
		E101C87C1370E72C006A1BEA /* CCArray.m */ = {isa = PBXFileReference; lastKnownFileType = sourcecode.c.objc; name = CCArray.m; path = libs/cocos2d/Support/CCArray.m; sourceTree = "<group>"; };
		E101C87E1370E72C006A1BEA /* ccCArray.h */ = {isa = PBXFileReference; lastKnownFileType = sourcecode.c.h; name = ccCArray.h; path = libs/cocos2d/Support/ccCArray.h; sourceTree = "<group>"; };
		E101C87F1370E72C006A1BEA /* CCFileUtils.h */ = {isa = PBXFileReference; lastKnownFileType = sourcecode.c.h; name = CCFileUtils.h; path = libs/cocos2d/Support/CCFileUtils.h; sourceTree = "<group>"; };
		E101C8801370E72C006A1BEA /* CCFileUtils.m */ = {isa = PBXFileReference; lastKnownFileType = sourcecode.c.objc; name = CCFileUtils.m; path = libs/cocos2d/Support/CCFileUtils.m; sourceTree = "<group>"; };
		E101C8821370E72C006A1BEA /* CCProfiling.h */ = {isa = PBXFileReference; lastKnownFileType = sourcecode.c.h; name = CCProfiling.h; path = libs/cocos2d/Support/CCProfiling.h; sourceTree = "<group>"; };
		E101C8831370E72C006A1BEA /* CCProfiling.m */ = {isa = PBXFileReference; lastKnownFileType = sourcecode.c.objc; name = CCProfiling.m; path = libs/cocos2d/Support/CCProfiling.m; sourceTree = "<group>"; };
		E101C8851370E72D006A1BEA /* ccUtils.c */ = {isa = PBXFileReference; lastKnownFileType = sourcecode.c.c; name = ccUtils.c; path = libs/cocos2d/Support/ccUtils.c; sourceTree = "<group>"; };
		E101C8871370E72D006A1BEA /* ccUtils.h */ = {isa = PBXFileReference; lastKnownFileType = sourcecode.c.h; name = ccUtils.h; path = libs/cocos2d/Support/ccUtils.h; sourceTree = "<group>"; };
		E101C8881370E72D006A1BEA /* CGPointExtension.h */ = {isa = PBXFileReference; lastKnownFileType = sourcecode.c.h; name = CGPointExtension.h; path = libs/cocos2d/Support/CGPointExtension.h; sourceTree = "<group>"; };
		E101C8891370E72D006A1BEA /* CGPointExtension.m */ = {isa = PBXFileReference; lastKnownFileType = sourcecode.c.objc; name = CGPointExtension.m; path = libs/cocos2d/Support/CGPointExtension.m; sourceTree = "<group>"; };
		E101C88B1370E72D006A1BEA /* OpenGL_Internal.h */ = {isa = PBXFileReference; lastKnownFileType = sourcecode.c.h; name = OpenGL_Internal.h; path = libs/cocos2d/Support/OpenGL_Internal.h; sourceTree = "<group>"; };
		E101C88C1370E72D006A1BEA /* TGAlib.h */ = {isa = PBXFileReference; lastKnownFileType = sourcecode.c.h; name = TGAlib.h; path = libs/cocos2d/Support/TGAlib.h; sourceTree = "<group>"; };
		E101C88D1370E72D006A1BEA /* TGAlib.m */ = {isa = PBXFileReference; lastKnownFileType = sourcecode.c.objc; name = TGAlib.m; path = libs/cocos2d/Support/TGAlib.m; sourceTree = "<group>"; };
		E101C88F1370E72D006A1BEA /* TransformUtils.h */ = {isa = PBXFileReference; lastKnownFileType = sourcecode.c.h; name = TransformUtils.h; path = libs/cocos2d/Support/TransformUtils.h; sourceTree = "<group>"; };
		E101C8901370E72D006A1BEA /* TransformUtils.m */ = {isa = PBXFileReference; lastKnownFileType = sourcecode.c.objc; name = TransformUtils.m; path = libs/cocos2d/Support/TransformUtils.m; sourceTree = "<group>"; };
		E101C8921370E72D006A1BEA /* uthash.h */ = {isa = PBXFileReference; lastKnownFileType = sourcecode.c.h; name = uthash.h; path = libs/cocos2d/Support/uthash.h; sourceTree = "<group>"; };
		E101C8931370E72D006A1BEA /* utlist.h */ = {isa = PBXFileReference; lastKnownFileType = sourcecode.c.h; name = utlist.h; path = libs/cocos2d/Support/utlist.h; sourceTree = "<group>"; };
		E101C8941370E72D006A1BEA /* ZipUtils.h */ = {isa = PBXFileReference; lastKnownFileType = sourcecode.c.h; name = ZipUtils.h; path = libs/cocos2d/Support/ZipUtils.h; sourceTree = "<group>"; };
		E101C8951370E72D006A1BEA /* ZipUtils.m */ = {isa = PBXFileReference; lastKnownFileType = sourcecode.c.objc; name = ZipUtils.m; path = libs/cocos2d/Support/ZipUtils.m; sourceTree = "<group>"; };
		E101C8981370E72D006A1BEA /* CDAudioManager.h */ = {isa = PBXFileReference; lastKnownFileType = sourcecode.c.h; name = CDAudioManager.h; path = libs/CocosDenshion/CDAudioManager.h; sourceTree = "<group>"; };
		E101C8991370E72D006A1BEA /* CDAudioManager.m */ = {isa = PBXFileReference; lastKnownFileType = sourcecode.c.objc; name = CDAudioManager.m; path = libs/CocosDenshion/CDAudioManager.m; sourceTree = "<group>"; };
		E101C89B1370E72D006A1BEA /* CDConfig.h */ = {isa = PBXFileReference; lastKnownFileType = sourcecode.c.h; name = CDConfig.h; path = libs/CocosDenshion/CDConfig.h; sourceTree = "<group>"; };
		E101C89C1370E72D006A1BEA /* CDOpenALSupport.h */ = {isa = PBXFileReference; lastKnownFileType = sourcecode.c.h; name = CDOpenALSupport.h; path = libs/CocosDenshion/CDOpenALSupport.h; sourceTree = "<group>"; };
		E101C89D1370E72D006A1BEA /* CDOpenALSupport.m */ = {isa = PBXFileReference; lastKnownFileType = sourcecode.c.objc; name = CDOpenALSupport.m; path = libs/CocosDenshion/CDOpenALSupport.m; sourceTree = "<group>"; };
		E101C89F1370E72D006A1BEA /* CocosDenshion.h */ = {isa = PBXFileReference; lastKnownFileType = sourcecode.c.h; name = CocosDenshion.h; path = libs/CocosDenshion/CocosDenshion.h; sourceTree = "<group>"; };
		E101C8A01370E72D006A1BEA /* CocosDenshion.m */ = {isa = PBXFileReference; lastKnownFileType = sourcecode.c.objc; name = CocosDenshion.m; path = libs/CocosDenshion/CocosDenshion.m; sourceTree = "<group>"; };
		E101C8A21370E72D006A1BEA /* SimpleAudioEngine.h */ = {isa = PBXFileReference; lastKnownFileType = sourcecode.c.h; name = SimpleAudioEngine.h; path = libs/CocosDenshion/SimpleAudioEngine.h; sourceTree = "<group>"; };
		E101C8A31370E72D006A1BEA /* SimpleAudioEngine.m */ = {isa = PBXFileReference; lastKnownFileType = sourcecode.c.objc; name = SimpleAudioEngine.m; path = libs/CocosDenshion/SimpleAudioEngine.m; sourceTree = "<group>"; };
		E101C8A61370E72D006A1BEA /* CLScoreServerPost.h */ = {isa = PBXFileReference; lastKnownFileType = sourcecode.c.h; name = CLScoreServerPost.h; path = libs/cocoslive/CLScoreServerPost.h; sourceTree = "<group>"; };
		E101C8A71370E72D006A1BEA /* CLScoreServerPost.m */ = {isa = PBXFileReference; lastKnownFileType = sourcecode.c.objc; name = CLScoreServerPost.m; path = libs/cocoslive/CLScoreServerPost.m; sourceTree = "<group>"; };
		E101C8A91370E72D006A1BEA /* CLScoreServerRequest.h */ = {isa = PBXFileReference; lastKnownFileType = sourcecode.c.h; name = CLScoreServerRequest.h; path = libs/cocoslive/CLScoreServerRequest.h; sourceTree = "<group>"; };
		E101C8AA1370E72D006A1BEA /* CLScoreServerRequest.m */ = {isa = PBXFileReference; lastKnownFileType = sourcecode.c.objc; name = CLScoreServerRequest.m; path = libs/cocoslive/CLScoreServerRequest.m; sourceTree = "<group>"; };
		E101C8AC1370E72D006A1BEA /* cocoslive.h */ = {isa = PBXFileReference; lastKnownFileType = sourcecode.c.h; name = cocoslive.h; path = libs/cocoslive/cocoslive.h; sourceTree = "<group>"; };
		E101C8AD1370E72D006A1BEA /* cocoslive.m */ = {isa = PBXFileReference; lastKnownFileType = sourcecode.c.objc; name = cocoslive.m; path = libs/cocoslive/cocoslive.m; sourceTree = "<group>"; };
		E101C8B01370E72D006A1BEA /* FontLabel.h */ = {isa = PBXFileReference; lastKnownFileType = sourcecode.c.h; name = FontLabel.h; path = libs/FontLabel/FontLabel.h; sourceTree = "<group>"; };
		E101C8B11370E72D006A1BEA /* FontLabel.m */ = {isa = PBXFileReference; lastKnownFileType = sourcecode.c.objc; name = FontLabel.m; path = libs/FontLabel/FontLabel.m; sourceTree = "<group>"; };
		E101C8B31370E72D006A1BEA /* FontLabelStringDrawing.h */ = {isa = PBXFileReference; lastKnownFileType = sourcecode.c.h; name = FontLabelStringDrawing.h; path = libs/FontLabel/FontLabelStringDrawing.h; sourceTree = "<group>"; };
		E101C8B41370E72D006A1BEA /* FontLabelStringDrawing.m */ = {isa = PBXFileReference; lastKnownFileType = sourcecode.c.objc; name = FontLabelStringDrawing.m; path = libs/FontLabel/FontLabelStringDrawing.m; sourceTree = "<group>"; };
		E101C8B61370E72D006A1BEA /* FontManager.h */ = {isa = PBXFileReference; lastKnownFileType = sourcecode.c.h; name = FontManager.h; path = libs/FontLabel/FontManager.h; sourceTree = "<group>"; };
		E101C8B71370E72D006A1BEA /* FontManager.m */ = {isa = PBXFileReference; lastKnownFileType = sourcecode.c.objc; name = FontManager.m; path = libs/FontLabel/FontManager.m; sourceTree = "<group>"; };
		E101C8B91370E72D006A1BEA /* ZAttributedString.h */ = {isa = PBXFileReference; lastKnownFileType = sourcecode.c.h; name = ZAttributedString.h; path = libs/FontLabel/ZAttributedString.h; sourceTree = "<group>"; };
		E101C8BA1370E72D006A1BEA /* ZAttributedString.m */ = {isa = PBXFileReference; lastKnownFileType = sourcecode.c.objc; name = ZAttributedString.m; path = libs/FontLabel/ZAttributedString.m; sourceTree = "<group>"; };
		E101C8BC1370E72D006A1BEA /* ZAttributedStringPrivate.h */ = {isa = PBXFileReference; lastKnownFileType = sourcecode.c.h; name = ZAttributedStringPrivate.h; path = libs/FontLabel/ZAttributedStringPrivate.h; sourceTree = "<group>"; };
		E101C8BD1370E72D006A1BEA /* ZFont.h */ = {isa = PBXFileReference; lastKnownFileType = sourcecode.c.h; name = ZFont.h; path = libs/FontLabel/ZFont.h; sourceTree = "<group>"; };
		E101C8BE1370E72D006A1BEA /* ZFont.m */ = {isa = PBXFileReference; lastKnownFileType = sourcecode.c.objc; name = ZFont.m; path = libs/FontLabel/ZFont.m; sourceTree = "<group>"; };
		E101C8C11370E72D006A1BEA /* CDataScanner.h */ = {isa = PBXFileReference; lastKnownFileType = sourcecode.c.h; name = CDataScanner.h; path = libs/TouchJSON/CDataScanner.h; sourceTree = "<group>"; };
		E101C8C21370E72D006A1BEA /* CDataScanner.m */ = {isa = PBXFileReference; lastKnownFileType = sourcecode.c.objc; name = CDataScanner.m; path = libs/TouchJSON/CDataScanner.m; sourceTree = "<group>"; };
		E101C8C41370E72D006A1BEA /* CDataScanner_Extensions.h */ = {isa = PBXFileReference; lastKnownFileType = sourcecode.c.h; name = CDataScanner_Extensions.h; path = libs/TouchJSON/Extensions/CDataScanner_Extensions.h; sourceTree = "<group>"; };
		E101C8C51370E72D006A1BEA /* CDataScanner_Extensions.m */ = {isa = PBXFileReference; lastKnownFileType = sourcecode.c.objc; name = CDataScanner_Extensions.m; path = libs/TouchJSON/Extensions/CDataScanner_Extensions.m; sourceTree = "<group>"; };
		E101C8C71370E72D006A1BEA /* NSCharacterSet_Extensions.h */ = {isa = PBXFileReference; lastKnownFileType = sourcecode.c.h; name = NSCharacterSet_Extensions.h; path = libs/TouchJSON/Extensions/NSCharacterSet_Extensions.h; sourceTree = "<group>"; };
		E101C8C81370E72D006A1BEA /* NSCharacterSet_Extensions.m */ = {isa = PBXFileReference; lastKnownFileType = sourcecode.c.objc; name = NSCharacterSet_Extensions.m; path = libs/TouchJSON/Extensions/NSCharacterSet_Extensions.m; sourceTree = "<group>"; };
		E101C8CA1370E72D006A1BEA /* NSDictionary_JSONExtensions.h */ = {isa = PBXFileReference; lastKnownFileType = sourcecode.c.h; name = NSDictionary_JSONExtensions.h; path = libs/TouchJSON/Extensions/NSDictionary_JSONExtensions.h; sourceTree = "<group>"; };
		E101C8CB1370E72D006A1BEA /* NSDictionary_JSONExtensions.m */ = {isa = PBXFileReference; lastKnownFileType = sourcecode.c.objc; name = NSDictionary_JSONExtensions.m; path = libs/TouchJSON/Extensions/NSDictionary_JSONExtensions.m; sourceTree = "<group>"; };
		E101C8CD1370E72D006A1BEA /* NSScanner_Extensions.h */ = {isa = PBXFileReference; lastKnownFileType = sourcecode.c.h; name = NSScanner_Extensions.h; path = libs/TouchJSON/Extensions/NSScanner_Extensions.h; sourceTree = "<group>"; };
		E101C8CE1370E72D006A1BEA /* NSScanner_Extensions.m */ = {isa = PBXFileReference; lastKnownFileType = sourcecode.c.objc; name = NSScanner_Extensions.m; path = libs/TouchJSON/Extensions/NSScanner_Extensions.m; sourceTree = "<group>"; };
		E101C8D01370E72D006A1BEA /* CJSONDeserializer.h */ = {isa = PBXFileReference; lastKnownFileType = sourcecode.c.h; name = CJSONDeserializer.h; path = libs/TouchJSON/JSON/CJSONDeserializer.h; sourceTree = "<group>"; };
		E101C8D11370E72D006A1BEA /* CJSONDeserializer.m */ = {isa = PBXFileReference; lastKnownFileType = sourcecode.c.objc; name = CJSONDeserializer.m; path = libs/TouchJSON/JSON/CJSONDeserializer.m; sourceTree = "<group>"; };
		E101C8D31370E72D006A1BEA /* CJSONScanner.h */ = {isa = PBXFileReference; lastKnownFileType = sourcecode.c.h; name = CJSONScanner.h; path = libs/TouchJSON/JSON/CJSONScanner.h; sourceTree = "<group>"; };
		E101C8D41370E72D006A1BEA /* CJSONScanner.m */ = {isa = PBXFileReference; lastKnownFileType = sourcecode.c.objc; name = CJSONScanner.m; path = libs/TouchJSON/JSON/CJSONScanner.m; sourceTree = "<group>"; };
		E101C8D61370E72D006A1BEA /* CJSONSerializer.h */ = {isa = PBXFileReference; lastKnownFileType = sourcecode.c.h; name = CJSONSerializer.h; path = libs/TouchJSON/JSON/CJSONSerializer.h; sourceTree = "<group>"; };
		E101C8D71370E72D006A1BEA /* CJSONSerializer.m */ = {isa = PBXFileReference; lastKnownFileType = sourcecode.c.objc; name = CJSONSerializer.m; path = libs/TouchJSON/JSON/CJSONSerializer.m; sourceTree = "<group>"; };
		E101C8DA1370E72D006A1BEA /* Prefix.pch */ = {isa = PBXFileReference; lastKnownFileType = sourcecode.c.h; path = Prefix.pch; sourceTree = "<group>"; };
		E101C8DB1370E72D006A1BEA /* main.m */ = {isa = PBXFileReference; lastKnownFileType = sourcecode.c.objc; path = main.m; sourceTree = "<group>"; };
		E101C8DD1370E72D006A1BEA /* AppDelegate.h */ = {isa = PBXFileReference; lastKnownFileType = sourcecode.c.h; path = AppDelegate.h; sourceTree = "<group>"; };
		E101C8DE1370E72D006A1BEA /* AppDelegate.m */ = {isa = PBXFileReference; lastKnownFileType = sourcecode.c.objc; path = AppDelegate.m; sourceTree = "<group>"; };
		E101C8E01370E72D006A1BEA /* RootViewController.h */ = {isa = PBXFileReference; lastKnownFileType = sourcecode.c.h; path = RootViewController.h; sourceTree = "<group>"; };
		E101C8E11370E72D006A1BEA /* RootViewController.m */ = {isa = PBXFileReference; lastKnownFileType = sourcecode.c.objc; path = RootViewController.m; sourceTree = "<group>"; };
		E101C8E31370E72D006A1BEA /* HelloWorldLayer.h */ = {isa = PBXFileReference; lastKnownFileType = sourcecode.c.h; path = HelloWorldLayer.h; sourceTree = "<group>"; };
		E101C8E41370E72D006A1BEA /* HelloWorldLayer.m */ = {isa = PBXFileReference; lastKnownFileType = sourcecode.c.objc; path = HelloWorldLayer.m; sourceTree = "<group>"; };
		E101C8E61370E72D006A1BEA /* GameConfig.h */ = {isa = PBXFileReference; lastKnownFileType = sourcecode.c.h; path = GameConfig.h; sourceTree = "<group>"; };
/* End PBXFileReference section */

/* Begin PBXFrameworksBuildPhase section */
		E101C77A1370E72A006A1BEA /* Frameworks */ = {
			isa = PBXFrameworksBuildPhase;
			buildActionMask = 2147483647;
			files = (
				E101C7821370E72A006A1BEA /* QuartzCore.framework in Frameworks */,
				E101C7841370E72A006A1BEA /* OpenGLES.framework in Frameworks */,
				E101C7861370E72A006A1BEA /* OpenAL.framework in Frameworks */,
				E101C7881370E72A006A1BEA /* AudioToolbox.framework in Frameworks */,
				E101C78A1370E72A006A1BEA /* AVFoundation.framework in Frameworks */,
				E101C78C1370E72A006A1BEA /* UIKit.framework in Frameworks */,
				E101C78E1370E72A006A1BEA /* Foundation.framework in Frameworks */,
				E101C7901370E72A006A1BEA /* CoreGraphics.framework in Frameworks */,
			);
			runOnlyForDeploymentPostprocessing = 0;
		};
/* End PBXFrameworksBuildPhase section */

/* Begin PBXGroup section */
		E101C7721370E72A006A1BEA = {
			isa = PBXGroup;
			children = (
				E101C7911370E72A006A1BEA /* cocos2d_particle_example */,
				E101C7801370E72A006A1BEA /* Frameworks */,
				E101C77E1370E72A006A1BEA /* Products */,
			);
			sourceTree = "<group>";
		};
		E101C77E1370E72A006A1BEA /* Products */ = {
			isa = PBXGroup;
			children = (
				E101C77D1370E72A006A1BEA /* cocos2d_particle_example.app */,
			);
			name = Products;
			sourceTree = "<group>";
		};
		E101C7801370E72A006A1BEA /* Frameworks */ = {
			isa = PBXGroup;
			children = (
				E101C7811370E72A006A1BEA /* QuartzCore.framework */,
				E101C7831370E72A006A1BEA /* OpenGLES.framework */,
				E101C7851370E72A006A1BEA /* OpenAL.framework */,
				E101C7871370E72A006A1BEA /* AudioToolbox.framework */,
				E101C7891370E72A006A1BEA /* AVFoundation.framework */,
				E101C78B1370E72A006A1BEA /* UIKit.framework */,
				E101C78D1370E72A006A1BEA /* Foundation.framework */,
				E101C78F1370E72A006A1BEA /* CoreGraphics.framework */,
			);
			name = Frameworks;
			sourceTree = "<group>";
		};
		E101C7911370E72A006A1BEA /* cocos2d_particle_example */ = {
			isa = PBXGroup;
			children = (
				E101C8DD1370E72D006A1BEA /* AppDelegate.h */,
				E101C8DE1370E72D006A1BEA /* AppDelegate.m */,
				E101C8E01370E72D006A1BEA /* RootViewController.h */,
				E101C8E11370E72D006A1BEA /* RootViewController.m */,
				E101C8E31370E72D006A1BEA /* HelloWorldLayer.h */,
				E101C8E41370E72D006A1BEA /* HelloWorldLayer.m */,
				E101C8E61370E72D006A1BEA /* GameConfig.h */,
				E101C7921370E72A006A1BEA /* Resources */,
				E101C7A61370E72A006A1BEA /* cocos2d */,
				E101C8971370E72D006A1BEA /* CocosDenshion */,
				E101C8A51370E72D006A1BEA /* cocoslive */,
				E101C8AF1370E72D006A1BEA /* FontLabel */,
				E101C8C01370E72D006A1BEA /* TouchJSON */,
				E101C8D91370E72D006A1BEA /* Supporting Files */,
			);
			path = cocos2d_particle_example;
			sourceTree = "<group>";
		};
		E101C7921370E72A006A1BEA /* Resources */ = {
			isa = PBXGroup;
			children = (
				E101C7931370E72A006A1BEA /* Default.png */,
				E101C7951370E72A006A1BEA /* fps_images.png */,
				E101C7971370E72A006A1BEA /* Icon-72.png */,
				E101C7991370E72A006A1BEA /* Icon-Small-50.png */,
				E101C79B1370E72A006A1BEA /* Icon-Small.png */,
				E101C79D1370E72A006A1BEA /* Icon-Small@2x.png */,
				E101C79F1370E72A006A1BEA /* Icon.png */,
				E101C7A11370E72A006A1BEA /* Icon@2x.png */,
				E101C7A31370E72A006A1BEA /* Info.plist */,
				E101C7A41370E72A006A1BEA /* iTunesArtwork */,
			);
			name = Resources;
			sourceTree = "<group>";
		};
		E101C7A61370E72A006A1BEA /* cocos2d */ = {
			isa = PBXGroup;
			children = (
				E101C7A71370E72A006A1BEA /* CCAction.h */,
				E101C7A81370E72A006A1BEA /* CCAction.m */,
				E101C7AA1370E72A006A1BEA /* CCActionCamera.h */,
				E101C7AB1370E72A006A1BEA /* CCActionCamera.m */,
				E101C7AD1370E72A006A1BEA /* CCActionEase.h */,
				E101C7AE1370E72A006A1BEA /* CCActionEase.m */,
				E101C7B01370E72A006A1BEA /* CCActionGrid.h */,
				E101C7B11370E72B006A1BEA /* CCActionGrid.m */,
				E101C7B31370E72B006A1BEA /* CCActionGrid3D.h */,
				E101C7B41370E72B006A1BEA /* CCActionGrid3D.m */,
				E101C7B61370E72B006A1BEA /* CCActionInstant.h */,
				E101C7B71370E72B006A1BEA /* CCActionInstant.m */,
				E101C7B91370E72B006A1BEA /* CCActionInterval.h */,
				E101C7BA1370E72B006A1BEA /* CCActionInterval.m */,
				E101C7BC1370E72B006A1BEA /* CCActionManager.h */,
				E101C7BD1370E72B006A1BEA /* CCActionManager.m */,
				E101C7BF1370E72B006A1BEA /* CCActionPageTurn3D.h */,
				E101C7C01370E72B006A1BEA /* CCActionPageTurn3D.m */,
				E101C7C21370E72B006A1BEA /* CCActionProgressTimer.h */,
				E101C7C31370E72B006A1BEA /* CCActionProgressTimer.m */,
				E101C7C51370E72B006A1BEA /* CCActionTiledGrid.h */,
				E101C7C61370E72B006A1BEA /* CCActionTiledGrid.m */,
				E101C7C81370E72B006A1BEA /* CCActionTween.h */,
				E101C7C91370E72B006A1BEA /* CCActionTween.m */,
				E101C7CB1370E72B006A1BEA /* CCAnimation.h */,
				E101C7CC1370E72B006A1BEA /* CCAnimation.m */,
				E101C7CE1370E72B006A1BEA /* CCAnimationCache.h */,
				E101C7CF1370E72B006A1BEA /* CCAnimationCache.m */,
				E101C7D11370E72B006A1BEA /* CCAtlasNode.h */,
				E101C7D21370E72B006A1BEA /* CCAtlasNode.m */,
				E101C7D41370E72B006A1BEA /* CCBlockSupport.h */,
				E101C7D51370E72B006A1BEA /* CCBlockSupport.m */,
				E101C7D71370E72B006A1BEA /* CCCamera.h */,
				E101C7D81370E72B006A1BEA /* CCCamera.m */,
				E101C7DA1370E72B006A1BEA /* ccConfig.h */,
				E101C7DB1370E72B006A1BEA /* CCConfiguration.h */,
				E101C7DC1370E72B006A1BEA /* CCConfiguration.m */,
				E101C7DE1370E72B006A1BEA /* CCDirector.h */,
				E101C7DF1370E72B006A1BEA /* CCDirector.m */,
				E101C7E11370E72B006A1BEA /* CCDrawingPrimitives.h */,
				E101C7E21370E72B006A1BEA /* CCDrawingPrimitives.m */,
				E101C7E41370E72B006A1BEA /* CCGrabber.h */,
				E101C7E51370E72B006A1BEA /* CCGrabber.m */,
				E101C7E71370E72B006A1BEA /* CCGrid.h */,
				E101C7E81370E72B006A1BEA /* CCGrid.m */,
				E101C7EA1370E72B006A1BEA /* CCLabelAtlas.h */,
				E101C7EB1370E72B006A1BEA /* CCLabelAtlas.m */,
				E101C7ED1370E72B006A1BEA /* CCLabelBMFont.h */,
				E101C7EE1370E72B006A1BEA /* CCLabelBMFont.m */,
				E101C7F01370E72B006A1BEA /* CCLabelTTF.h */,
				E101C7F11370E72B006A1BEA /* CCLabelTTF.m */,
				E101C7F31370E72B006A1BEA /* CCLayer.h */,
				E101C7F41370E72B006A1BEA /* CCLayer.m */,
				E101C7F61370E72B006A1BEA /* ccMacros.h */,
				E101C7F71370E72B006A1BEA /* CCMenu.h */,
				E101C7F81370E72B006A1BEA /* CCMenu.m */,
				E101C7FA1370E72B006A1BEA /* CCMenuItem.h */,
				E101C7FB1370E72B006A1BEA /* CCMenuItem.m */,
				E101C7FD1370E72B006A1BEA /* CCMotionStreak.h */,
				E101C7FE1370E72B006A1BEA /* CCMotionStreak.m */,
				E101C8001370E72B006A1BEA /* CCNode.h */,
				E101C8011370E72B006A1BEA /* CCNode.m */,
				E101C8031370E72B006A1BEA /* CCParallaxNode.h */,
				E101C8041370E72B006A1BEA /* CCParallaxNode.m */,
				E101C8061370E72B006A1BEA /* CCParticleExamples.h */,
				E101C8071370E72B006A1BEA /* CCParticleExamples.m */,
				E101C8091370E72B006A1BEA /* CCParticleSystem.h */,
				E101C80A1370E72B006A1BEA /* CCParticleSystem.m */,
				E101C80C1370E72B006A1BEA /* CCParticleSystemPoint.h */,
				E101C80D1370E72B006A1BEA /* CCParticleSystemPoint.m */,
				E101C80F1370E72B006A1BEA /* CCParticleSystemQuad.h */,
				E101C8101370E72B006A1BEA /* CCParticleSystemQuad.m */,
				E101C8121370E72B006A1BEA /* CCProgressTimer.h */,
				E101C8131370E72B006A1BEA /* CCProgressTimer.m */,
				E101C8151370E72B006A1BEA /* CCProtocols.h */,
				E101C8161370E72B006A1BEA /* CCRenderTexture.h */,
				E101C8171370E72C006A1BEA /* CCRenderTexture.m */,
				E101C8191370E72C006A1BEA /* CCRibbon.h */,
				E101C81A1370E72C006A1BEA /* CCRibbon.m */,
				E101C81C1370E72C006A1BEA /* CCScene.h */,
				E101C81D1370E72C006A1BEA /* CCScene.m */,
				E101C81F1370E72C006A1BEA /* CCScheduler.h */,
				E101C8201370E72C006A1BEA /* CCScheduler.m */,
				E101C8221370E72C006A1BEA /* CCSprite.h */,
				E101C8231370E72C006A1BEA /* CCSprite.m */,
				E101C8251370E72C006A1BEA /* CCSpriteBatchNode.h */,
				E101C8261370E72C006A1BEA /* CCSpriteBatchNode.m */,
				E101C8281370E72C006A1BEA /* CCSpriteFrame.h */,
				E101C8291370E72C006A1BEA /* CCSpriteFrame.m */,
				E101C82B1370E72C006A1BEA /* CCSpriteFrameCache.h */,
				E101C82C1370E72C006A1BEA /* CCSpriteFrameCache.m */,
				E101C82E1370E72C006A1BEA /* CCTexture2D.h */,
				E101C82F1370E72C006A1BEA /* CCTexture2D.m */,
				E101C8311370E72C006A1BEA /* CCTextureAtlas.h */,
				E101C8321370E72C006A1BEA /* CCTextureAtlas.m */,
				E101C8341370E72C006A1BEA /* CCTextureCache.h */,
				E101C8351370E72C006A1BEA /* CCTextureCache.m */,
				E101C8371370E72C006A1BEA /* CCTexturePVR.h */,
				E101C8381370E72C006A1BEA /* CCTexturePVR.m */,
				E101C83A1370E72C006A1BEA /* CCTileMapAtlas.h */,
				E101C83B1370E72C006A1BEA /* CCTileMapAtlas.m */,
				E101C83D1370E72C006A1BEA /* CCTMXLayer.h */,
				E101C83E1370E72C006A1BEA /* CCTMXLayer.m */,
				E101C8401370E72C006A1BEA /* CCTMXObjectGroup.h */,
				E101C8411370E72C006A1BEA /* CCTMXObjectGroup.m */,
				E101C8431370E72C006A1BEA /* CCTMXTiledMap.h */,
				E101C8441370E72C006A1BEA /* CCTMXTiledMap.m */,
				E101C8461370E72C006A1BEA /* CCTMXXMLParser.h */,
				E101C8471370E72C006A1BEA /* CCTMXXMLParser.m */,
				E101C8491370E72C006A1BEA /* CCTransition.h */,
				E101C84A1370E72C006A1BEA /* CCTransition.m */,
				E101C84C1370E72C006A1BEA /* CCTransitionPageTurn.h */,
				E101C84D1370E72C006A1BEA /* CCTransitionPageTurn.m */,
				E101C84F1370E72C006A1BEA /* CCTransitionRadial.h */,
				E101C8501370E72C006A1BEA /* CCTransitionRadial.m */,
				E101C8521370E72C006A1BEA /* ccTypes.h */,
				E101C8531370E72C006A1BEA /* cocos2d.h */,
				E101C8541370E72C006A1BEA /* cocos2d.m */,
				E101C8561370E72C006A1BEA /* CCGL.h */,
				E101C8571370E72C006A1BEA /* CCNS.h */,
				E101C8581370E72C006A1BEA /* CCDirectorIOS.h */,
				E101C8591370E72C006A1BEA /* CCDirectorIOS.m */,
				E101C85B1370E72C006A1BEA /* CCTouchDelegateProtocol.h */,
				E101C85C1370E72C006A1BEA /* CCTouchDispatcher.h */,
				E101C85D1370E72C006A1BEA /* CCTouchDispatcher.m */,
				E101C85F1370E72C006A1BEA /* CCTouchHandler.h */,
				E101C8601370E72C006A1BEA /* CCTouchHandler.m */,
				E101C8621370E72C006A1BEA /* EAGLView.h */,
				E101C8631370E72C006A1BEA /* EAGLView.m */,
				E101C8651370E72C006A1BEA /* ES1Renderer.h */,
				E101C8661370E72C006A1BEA /* ES1Renderer.m */,
				E101C8681370E72C006A1BEA /* ESRenderer.h */,
				E101C8691370E72C006A1BEA /* glu.c */,
				E101C86B1370E72C006A1BEA /* glu.h */,
				E101C86C1370E72C006A1BEA /* CCDirectorMac.h */,
				E101C86D1370E72C006A1BEA /* CCDirectorMac.m */,
				E101C86F1370E72C006A1BEA /* CCEventDispatcher.h */,
				E101C8701370E72C006A1BEA /* CCEventDispatcher.m */,
				E101C8721370E72C006A1BEA /* MacGLView.h */,
				E101C8731370E72C006A1BEA /* MacGLView.m */,
				E101C8751370E72C006A1BEA /* MacWindow.h */,
				E101C8761370E72C006A1BEA /* MacWindow.m */,
				E101C8781370E72C006A1BEA /* base64.c */,
				E101C87A1370E72C006A1BEA /* base64.h */,
				E101C87B1370E72C006A1BEA /* CCArray.h */,
				E101C87C1370E72C006A1BEA /* CCArray.m */,
				E101C87E1370E72C006A1BEA /* ccCArray.h */,
				E101C87F1370E72C006A1BEA /* CCFileUtils.h */,
				E101C8801370E72C006A1BEA /* CCFileUtils.m */,
				E101C8821370E72C006A1BEA /* CCProfiling.h */,
				E101C8831370E72C006A1BEA /* CCProfiling.m */,
				E101C8851370E72D006A1BEA /* ccUtils.c */,
				E101C8871370E72D006A1BEA /* ccUtils.h */,
				E101C8881370E72D006A1BEA /* CGPointExtension.h */,
				E101C8891370E72D006A1BEA /* CGPointExtension.m */,
				E101C88B1370E72D006A1BEA /* OpenGL_Internal.h */,
				E101C88C1370E72D006A1BEA /* TGAlib.h */,
				E101C88D1370E72D006A1BEA /* TGAlib.m */,
				E101C88F1370E72D006A1BEA /* TransformUtils.h */,
				E101C8901370E72D006A1BEA /* TransformUtils.m */,
				E101C8921370E72D006A1BEA /* uthash.h */,
				E101C8931370E72D006A1BEA /* utlist.h */,
				E101C8941370E72D006A1BEA /* ZipUtils.h */,
				E101C8951370E72D006A1BEA /* ZipUtils.m */,
			);
			name = cocos2d;
			sourceTree = "<group>";
		};
		E101C8971370E72D006A1BEA /* CocosDenshion */ = {
			isa = PBXGroup;
			children = (
				E101C8981370E72D006A1BEA /* CDAudioManager.h */,
				E101C8991370E72D006A1BEA /* CDAudioManager.m */,
				E101C89B1370E72D006A1BEA /* CDConfig.h */,
				E101C89C1370E72D006A1BEA /* CDOpenALSupport.h */,
				E101C89D1370E72D006A1BEA /* CDOpenALSupport.m */,
				E101C89F1370E72D006A1BEA /* CocosDenshion.h */,
				E101C8A01370E72D006A1BEA /* CocosDenshion.m */,
				E101C8A21370E72D006A1BEA /* SimpleAudioEngine.h */,
				E101C8A31370E72D006A1BEA /* SimpleAudioEngine.m */,
			);
			name = CocosDenshion;
			sourceTree = "<group>";
		};
		E101C8A51370E72D006A1BEA /* cocoslive */ = {
			isa = PBXGroup;
			children = (
				E101C8A61370E72D006A1BEA /* CLScoreServerPost.h */,
				E101C8A71370E72D006A1BEA /* CLScoreServerPost.m */,
				E101C8A91370E72D006A1BEA /* CLScoreServerRequest.h */,
				E101C8AA1370E72D006A1BEA /* CLScoreServerRequest.m */,
				E101C8AC1370E72D006A1BEA /* cocoslive.h */,
				E101C8AD1370E72D006A1BEA /* cocoslive.m */,
			);
			name = cocoslive;
			sourceTree = "<group>";
		};
		E101C8AF1370E72D006A1BEA /* FontLabel */ = {
			isa = PBXGroup;
			children = (
				E101C8B01370E72D006A1BEA /* FontLabel.h */,
				E101C8B11370E72D006A1BEA /* FontLabel.m */,
				E101C8B31370E72D006A1BEA /* FontLabelStringDrawing.h */,
				E101C8B41370E72D006A1BEA /* FontLabelStringDrawing.m */,
				E101C8B61370E72D006A1BEA /* FontManager.h */,
				E101C8B71370E72D006A1BEA /* FontManager.m */,
				E101C8B91370E72D006A1BEA /* ZAttributedString.h */,
				E101C8BA1370E72D006A1BEA /* ZAttributedString.m */,
				E101C8BC1370E72D006A1BEA /* ZAttributedStringPrivate.h */,
				E101C8BD1370E72D006A1BEA /* ZFont.h */,
				E101C8BE1370E72D006A1BEA /* ZFont.m */,
			);
			name = FontLabel;
			sourceTree = "<group>";
		};
		E101C8C01370E72D006A1BEA /* TouchJSON */ = {
			isa = PBXGroup;
			children = (
				E101C8C11370E72D006A1BEA /* CDataScanner.h */,
				E101C8C21370E72D006A1BEA /* CDataScanner.m */,
				E101C8C41370E72D006A1BEA /* CDataScanner_Extensions.h */,
				E101C8C51370E72D006A1BEA /* CDataScanner_Extensions.m */,
				E101C8C71370E72D006A1BEA /* NSCharacterSet_Extensions.h */,
				E101C8C81370E72D006A1BEA /* NSCharacterSet_Extensions.m */,
				E101C8CA1370E72D006A1BEA /* NSDictionary_JSONExtensions.h */,
				E101C8CB1370E72D006A1BEA /* NSDictionary_JSONExtensions.m */,
				E101C8CD1370E72D006A1BEA /* NSScanner_Extensions.h */,
				E101C8CE1370E72D006A1BEA /* NSScanner_Extensions.m */,
				E101C8D01370E72D006A1BEA /* CJSONDeserializer.h */,
				E101C8D11370E72D006A1BEA /* CJSONDeserializer.m */,
				E101C8D31370E72D006A1BEA /* CJSONScanner.h */,
				E101C8D41370E72D006A1BEA /* CJSONScanner.m */,
				E101C8D61370E72D006A1BEA /* CJSONSerializer.h */,
				E101C8D71370E72D006A1BEA /* CJSONSerializer.m */,
			);
			name = TouchJSON;
			sourceTree = "<group>";
		};
		E101C8D91370E72D006A1BEA /* Supporting Files */ = {
			isa = PBXGroup;
			children = (
				E101C8DA1370E72D006A1BEA /* Prefix.pch */,
				E101C8DB1370E72D006A1BEA /* main.m */,
			);
			name = "Supporting Files";
			sourceTree = "<group>";
		};
/* End PBXGroup section */

/* Begin PBXNativeTarget section */
		E101C77C1370E72A006A1BEA /* cocos2d_particle_example */ = {
			isa = PBXNativeTarget;
			buildConfigurationList = E101C8E91370E72D006A1BEA /* Build configuration list for PBXNativeTarget "cocos2d_particle_example" */;
			buildPhases = (
				E101C7791370E72A006A1BEA /* Sources */,
				E101C77A1370E72A006A1BEA /* Frameworks */,
				E101C77B1370E72A006A1BEA /* Resources */,
			);
			buildRules = (
			);
			dependencies = (
			);
			name = cocos2d_particle_example;
			productName = cocos2d_particle_example;
			productReference = E101C77D1370E72A006A1BEA /* cocos2d_particle_example.app */;
			productType = "com.apple.product-type.application";
		};
/* End PBXNativeTarget section */

/* Begin PBXProject section */
		E101C7741370E72A006A1BEA /* Project object */ = {
			isa = PBXProject;
			buildConfigurationList = E101C7771370E72A006A1BEA /* Build configuration list for PBXProject "cocos2d_particle_example" */;
			compatibilityVersion = "Xcode 3.2";
			developmentRegion = English;
			hasScannedForEncodings = 0;
			knownRegions = (
				en,
			);
			mainGroup = E101C7721370E72A006A1BEA;
			productRefGroup = E101C77E1370E72A006A1BEA /* Products */;
			projectDirPath = "";
			projectRoot = "";
			targets = (
				E101C77C1370E72A006A1BEA /* cocos2d_particle_example */,
			);
		};
/* End PBXProject section */

/* Begin PBXResourcesBuildPhase section */
		E101C77B1370E72A006A1BEA /* Resources */ = {
			isa = PBXResourcesBuildPhase;
			buildActionMask = 2147483647;
			files = (
				E101C7941370E72A006A1BEA /* Default.png in Resources */,
				E101C7961370E72A006A1BEA /* fps_images.png in Resources */,
				E101C7981370E72A006A1BEA /* Icon-72.png in Resources */,
				E101C79A1370E72A006A1BEA /* Icon-Small-50.png in Resources */,
				E101C79C1370E72A006A1BEA /* Icon-Small.png in Resources */,
				E101C79E1370E72A006A1BEA /* Icon-Small@2x.png in Resources */,
				E101C7A01370E72A006A1BEA /* Icon.png in Resources */,
				E101C7A21370E72A006A1BEA /* Icon@2x.png in Resources */,
				E101C7A51370E72A006A1BEA /* iTunesArtwork in Resources */,
			);
			runOnlyForDeploymentPostprocessing = 0;
		};
/* End PBXResourcesBuildPhase section */

/* Begin PBXSourcesBuildPhase section */
		E101C7791370E72A006A1BEA /* Sources */ = {
			isa = PBXSourcesBuildPhase;
			buildActionMask = 2147483647;
			files = (
				E101C7A91370E72A006A1BEA /* CCAction.m in Sources */,
				E101C7AC1370E72A006A1BEA /* CCActionCamera.m in Sources */,
				E101C7AF1370E72A006A1BEA /* CCActionEase.m in Sources */,
				E101C7B21370E72B006A1BEA /* CCActionGrid.m in Sources */,
				E101C7B51370E72B006A1BEA /* CCActionGrid3D.m in Sources */,
				E101C7B81370E72B006A1BEA /* CCActionInstant.m in Sources */,
				E101C7BB1370E72B006A1BEA /* CCActionInterval.m in Sources */,
				E101C7BE1370E72B006A1BEA /* CCActionManager.m in Sources */,
				E101C7C11370E72B006A1BEA /* CCActionPageTurn3D.m in Sources */,
				E101C7C41370E72B006A1BEA /* CCActionProgressTimer.m in Sources */,
				E101C7C71370E72B006A1BEA /* CCActionTiledGrid.m in Sources */,
				E101C7CA1370E72B006A1BEA /* CCActionTween.m in Sources */,
				E101C7CD1370E72B006A1BEA /* CCAnimation.m in Sources */,
				E101C7D01370E72B006A1BEA /* CCAnimationCache.m in Sources */,
				E101C7D31370E72B006A1BEA /* CCAtlasNode.m in Sources */,
				E101C7D61370E72B006A1BEA /* CCBlockSupport.m in Sources */,
				E101C7D91370E72B006A1BEA /* CCCamera.m in Sources */,
				E101C7DD1370E72B006A1BEA /* CCConfiguration.m in Sources */,
				E101C7E01370E72B006A1BEA /* CCDirector.m in Sources */,
				E101C7E31370E72B006A1BEA /* CCDrawingPrimitives.m in Sources */,
				E101C7E61370E72B006A1BEA /* CCGrabber.m in Sources */,
				E101C7E91370E72B006A1BEA /* CCGrid.m in Sources */,
				E101C7EC1370E72B006A1BEA /* CCLabelAtlas.m in Sources */,
				E101C7EF1370E72B006A1BEA /* CCLabelBMFont.m in Sources */,
				E101C7F21370E72B006A1BEA /* CCLabelTTF.m in Sources */,
				E101C7F51370E72B006A1BEA /* CCLayer.m in Sources */,
				E101C7F91370E72B006A1BEA /* CCMenu.m in Sources */,
				E101C7FC1370E72B006A1BEA /* CCMenuItem.m in Sources */,
				E101C7FF1370E72B006A1BEA /* CCMotionStreak.m in Sources */,
				E101C8021370E72B006A1BEA /* CCNode.m in Sources */,
				E101C8051370E72B006A1BEA /* CCParallaxNode.m in Sources */,
				E101C8081370E72B006A1BEA /* CCParticleExamples.m in Sources */,
				E101C80B1370E72B006A1BEA /* CCParticleSystem.m in Sources */,
				E101C80E1370E72B006A1BEA /* CCParticleSystemPoint.m in Sources */,
				E101C8111370E72B006A1BEA /* CCParticleSystemQuad.m in Sources */,
				E101C8141370E72B006A1BEA /* CCProgressTimer.m in Sources */,
				E101C8181370E72C006A1BEA /* CCRenderTexture.m in Sources */,
				E101C81B1370E72C006A1BEA /* CCRibbon.m in Sources */,
				E101C81E1370E72C006A1BEA /* CCScene.m in Sources */,
				E101C8211370E72C006A1BEA /* CCScheduler.m in Sources */,
				E101C8241370E72C006A1BEA /* CCSprite.m in Sources */,
				E101C8271370E72C006A1BEA /* CCSpriteBatchNode.m in Sources */,
				E101C82A1370E72C006A1BEA /* CCSpriteFrame.m in Sources */,
				E101C82D1370E72C006A1BEA /* CCSpriteFrameCache.m in Sources */,
				E101C8301370E72C006A1BEA /* CCTexture2D.m in Sources */,
				E101C8331370E72C006A1BEA /* CCTextureAtlas.m in Sources */,
				E101C8361370E72C006A1BEA /* CCTextureCache.m in Sources */,
				E101C8391370E72C006A1BEA /* CCTexturePVR.m in Sources */,
				E101C83C1370E72C006A1BEA /* CCTileMapAtlas.m in Sources */,
				E101C83F1370E72C006A1BEA /* CCTMXLayer.m in Sources */,
				E101C8421370E72C006A1BEA /* CCTMXObjectGroup.m in Sources */,
				E101C8451370E72C006A1BEA /* CCTMXTiledMap.m in Sources */,
				E101C8481370E72C006A1BEA /* CCTMXXMLParser.m in Sources */,
				E101C84B1370E72C006A1BEA /* CCTransition.m in Sources */,
				E101C84E1370E72C006A1BEA /* CCTransitionPageTurn.m in Sources */,
				E101C8511370E72C006A1BEA /* CCTransitionRadial.m in Sources */,
				E101C8551370E72C006A1BEA /* cocos2d.m in Sources */,
				E101C85A1370E72C006A1BEA /* CCDirectorIOS.m in Sources */,
				E101C85E1370E72C006A1BEA /* CCTouchDispatcher.m in Sources */,
				E101C8611370E72C006A1BEA /* CCTouchHandler.m in Sources */,
				E101C8641370E72C006A1BEA /* EAGLView.m in Sources */,
				E101C8671370E72C006A1BEA /* ES1Renderer.m in Sources */,
				E101C86A1370E72C006A1BEA /* glu.c in Sources */,
				E101C86E1370E72C006A1BEA /* CCDirectorMac.m in Sources */,
				E101C8711370E72C006A1BEA /* CCEventDispatcher.m in Sources */,
				E101C8741370E72C006A1BEA /* MacGLView.m in Sources */,
				E101C8771370E72C006A1BEA /* MacWindow.m in Sources */,
				E101C8791370E72C006A1BEA /* base64.c in Sources */,
				E101C87D1370E72C006A1BEA /* CCArray.m in Sources */,
				E101C8811370E72C006A1BEA /* CCFileUtils.m in Sources */,
				E101C8841370E72C006A1BEA /* CCProfiling.m in Sources */,
				E101C8861370E72D006A1BEA /* ccUtils.c in Sources */,
				E101C88A1370E72D006A1BEA /* CGPointExtension.m in Sources */,
				E101C88E1370E72D006A1BEA /* TGAlib.m in Sources */,
				E101C8911370E72D006A1BEA /* TransformUtils.m in Sources */,
				E101C8961370E72D006A1BEA /* ZipUtils.m in Sources */,
				E101C89A1370E72D006A1BEA /* CDAudioManager.m in Sources */,
				E101C89E1370E72D006A1BEA /* CDOpenALSupport.m in Sources */,
				E101C8A11370E72D006A1BEA /* CocosDenshion.m in Sources */,
				E101C8A41370E72D006A1BEA /* SimpleAudioEngine.m in Sources */,
				E101C8A81370E72D006A1BEA /* CLScoreServerPost.m in Sources */,
				E101C8AB1370E72D006A1BEA /* CLScoreServerRequest.m in Sources */,
				E101C8AE1370E72D006A1BEA /* cocoslive.m in Sources */,
				E101C8B21370E72D006A1BEA /* FontLabel.m in Sources */,
				E101C8B51370E72D006A1BEA /* FontLabelStringDrawing.m in Sources */,
				E101C8B81370E72D006A1BEA /* FontManager.m in Sources */,
				E101C8BB1370E72D006A1BEA /* ZAttributedString.m in Sources */,
				E101C8BF1370E72D006A1BEA /* ZFont.m in Sources */,
				E101C8C31370E72D006A1BEA /* CDataScanner.m in Sources */,
				E101C8C61370E72D006A1BEA /* CDataScanner_Extensions.m in Sources */,
				E101C8C91370E72D006A1BEA /* NSCharacterSet_Extensions.m in Sources */,
				E101C8CC1370E72D006A1BEA /* NSDictionary_JSONExtensions.m in Sources */,
				E101C8CF1370E72D006A1BEA /* NSScanner_Extensions.m in Sources */,
				E101C8D21370E72D006A1BEA /* CJSONDeserializer.m in Sources */,
				E101C8D51370E72D006A1BEA /* CJSONScanner.m in Sources */,
				E101C8D81370E72D006A1BEA /* CJSONSerializer.m in Sources */,
				E101C8DC1370E72D006A1BEA /* main.m in Sources */,
				E101C8DF1370E72D006A1BEA /* AppDelegate.m in Sources */,
				E101C8E21370E72D006A1BEA /* RootViewController.m in Sources */,
				E101C8E51370E72D006A1BEA /* HelloWorldLayer.m in Sources */,
			);
			runOnlyForDeploymentPostprocessing = 0;
		};
/* End PBXSourcesBuildPhase section */

/* Begin XCBuildConfiguration section */
		E101C8E71370E72D006A1BEA /* Debug */ = {
			isa = XCBuildConfiguration;
			buildSettings = {
				ARCHS = "$(ARCHS_STANDARD_32_BIT)";
				"CODE_SIGN_IDENTITY[sdk=iphoneos*]" = "iPhone Developer";
				GCC_C_LANGUAGE_STANDARD = gnu99;
				GCC_OPTIMIZATION_LEVEL = 0;
				GCC_PREPROCESSOR_DEFINITIONS = (
					DEBUG,
					"COCOS2D_DEBUG=1",
				);
				GCC_SYMBOLS_PRIVATE_EXTERN = NO;
				GCC_VERSION = com.apple.compilers.llvmgcc42;
				GCC_WARN_ABOUT_RETURN_TYPE = YES;
				GCC_WARN_UNUSED_VARIABLE = YES;
				IPHONEOS_DEPLOYMENT_TARGET = 4.3;
				SDKROOT = iphoneos;
			};
			name = Debug;
		};
		E101C8E81370E72D006A1BEA /* Release */ = {
			isa = XCBuildConfiguration;
			buildSettings = {
				ARCHS = "$(ARCHS_STANDARD_32_BIT)";
				"CODE_SIGN_IDENTITY[sdk=iphoneos*]" = "iPhone Developer";
				GCC_C_LANGUAGE_STANDARD = gnu99;
				GCC_PREPROCESSOR_DEFINITIONS = NDEBUG;
				GCC_VERSION = com.apple.compilers.llvmgcc42;
				GCC_WARN_ABOUT_RETURN_TYPE = YES;
				GCC_WARN_UNUSED_VARIABLE = YES;
				IPHONEOS_DEPLOYMENT_TARGET = 4.3;
				OTHER_CFLAGS = "-DNS_BLOCK_ASSERTIONS=1";
				SDKROOT = iphoneos;
			};
			name = Release;
		};
		E101C8EA1370E72D006A1BEA /* Debug */ = {
			isa = XCBuildConfiguration;
			buildSettings = {
				ALWAYS_SEARCH_USER_PATHS = NO;
				COPY_PHASE_STRIP = NO;
				GCC_DYNAMIC_NO_PIC = NO;
				GCC_PRECOMPILE_PREFIX_HEADER = YES;
				GCC_PREFIX_HEADER = cocos2d_particle_example/Prefix.pch;
				"GCC_THUMB_SUPPORT[arch=armv6]" = "";
				INFOPLIST_FILE = cocos2d_particle_example/Resources/Info.plist;
				OTHER_LDFLAGS = "-lz";
				PRODUCT_NAME = "$(TARGET_NAME)";
				WRAPPER_EXTENSION = app;
			};
			name = Debug;
		};
		E101C8EB1370E72D006A1BEA /* Release */ = {
			isa = XCBuildConfiguration;
			buildSettings = {
				ALWAYS_SEARCH_USER_PATHS = NO;
				COPY_PHASE_STRIP = YES;
				GCC_PRECOMPILE_PREFIX_HEADER = YES;
				GCC_PREFIX_HEADER = cocos2d_particle_example/Prefix.pch;
				"GCC_THUMB_SUPPORT[arch=armv6]" = "";
				INFOPLIST_FILE = cocos2d_particle_example/Resources/Info.plist;
				OTHER_LDFLAGS = "-lz";
				PRODUCT_NAME = "$(TARGET_NAME)";
				VALIDATE_PRODUCT = YES;
				WRAPPER_EXTENSION = app;
			};
			name = Release;
		};
/* End XCBuildConfiguration section */

/* Begin XCConfigurationList section */
		E101C7771370E72A006A1BEA /* Build configuration list for PBXProject "cocos2d_particle_example" */ = {
			isa = XCConfigurationList;
			buildConfigurations = (
				E101C8E71370E72D006A1BEA /* Debug */,
				E101C8E81370E72D006A1BEA /* Release */,
			);
			defaultConfigurationIsVisible = 0;
			defaultConfigurationName = Release;
		};
		E101C8E91370E72D006A1BEA /* Build configuration list for PBXNativeTarget "cocos2d_particle_example" */ = {
			isa = XCConfigurationList;
			buildConfigurations = (
				E101C8EA1370E72D006A1BEA /* Debug */,
				E101C8EB1370E72D006A1BEA /* Release */,
			);
			defaultConfigurationIsVisible = 0;
		};
/* End XCConfigurationList section */
	};
	rootObject = E101C7741370E72A006A1BEA /* Project object */;
}
